
Microsoft Visual Studio Solution File, Format Version 12.00
# Visual Studio 15
VisualStudioVersion = 15.0.28307.106
MinimumVisualStudioVersion = 10.0.40219.1
Project("{8BC9CEB8-8B4A-11D0-8D11-00A0C91BC942}") = "Boj_9095", "Boj_9095\Boj_9095.vcxproj", "{F14DD70D-1CBB-4038-AD8E-C4D087A86C73}"
EndProject
Project("{8BC9CEB8-8B4A-11D0-8D11-00A0C91BC942}") = "Boj_1476", "Boj_1476\Boj_1476.vcxproj", "{9730EC55-9B15-4453-91CE-E9AD5B7E018F}"
EndProject
Project("{8BC9CEB8-8B4A-11D0-8D11-00A0C91BC942}") = "Boj_1934", "Boj_1934\Boj_1934.vcxproj", "{C37072CD-CD8C-44E2-944B-11D04646D948}"
EndProject
Project("{8BC9CEB8-8B4A-11D0-8D11-00A0C91BC942}") = "Boj_1978", "Boj_1978\Boj_1978.vcxproj", "{6788A4C7-5A0A-4300-9B1B-5E8058848D47}"
EndProject
Project("{8BC9CEB8-8B4A-11D0-8D11-00A0C91BC942}") = "Boj_2309", "Boj_2309\Boj_2309.vcxproj", "{2239379D-663A-4243-A097-E15A228FD0AC}"
EndProject
Project("{8BC9CEB8-8B4A-11D0-8D11-00A0C91BC942}") = "Boj_2609", "Boj_2609\Boj_2609.vcxproj", "{7E97D1CC-D47B-4D16-9AA1-D068DAAA0114}"
EndProject
Project("{8BC9CEB8-8B4A-11D0-8D11-00A0C91BC942}") = "Boj_3052", "Boj_3052\Boj_3052.vcxproj", "{6C662CC0-FFCE-4F4C-8E51-47DB49090ED2}"
EndProject
Project("{8BC9CEB8-8B4A-11D0-8D11-00A0C91BC942}") = "Boj_6588", "Boj_6588\Boj_6588.vcxproj", "{2A780E43-2C5B-49B5-BFD8-1BC6F99AF3BA}"
EndProject
Project("{8BC9CEB8-8B4A-11D0-8D11-00A0C91BC942}") = "Boj_9613", "Boj_9613\Boj_9613.vcxproj", "{906B6EE7-702D-459C-BFBF-D6D493C3D1C0}"
EndProject
Project("{8BC9CEB8-8B4A-11D0-8D11-00A0C91BC942}") = "Boj_14500", "Boj_14500\Boj_14500.vcxproj", "{32BB187B-BADA-4A75-B77D-EB5C956CDF43}"
EndProject
Project("{8BC9CEB8-8B4A-11D0-8D11-00A0C91BC942}") = "Boj_10819", "Boj_10819\Boj_10819.vcxproj", "{757820F8-12AC-4EFB-AD9D-B9DF1F443A23}"
EndProject
Project("{8BC9CEB8-8B4A-11D0-8D11-00A0C91BC942}") = "Boj_10971", "Boj_10971\Boj_10971.vcxproj", "{DA5637C3-2058-4FD4-BDCB-B0FE6D5AA717}"
EndProject
Project("{8BC9CEB8-8B4A-11D0-8D11-00A0C91BC942}") = "Boj_16235", "Boj_16235\Boj_16235.vcxproj", "{E3880C1A-C6A4-4C8E-AF9C-44461C264A67}"
EndProject
Project("{8BC9CEB8-8B4A-11D0-8D11-00A0C91BC942}") = "Boj_14499", "Boj_14499\Boj_14499.vcxproj", "{0A0CF91A-094E-40F2-85E3-FD55A42D31A1}"
EndProject
Project("{8BC9CEB8-8B4A-11D0-8D11-00A0C91BC942}") = "Boj_14891", "Boj_14891\Boj_14891.vcxproj", "{6AE4A9E3-54ED-499B-BE22-A43DDDD0D439}"
EndProject
Project("{8BC9CEB8-8B4A-11D0-8D11-00A0C91BC942}") = "Boj_2977", "Boj_2977\Boj_2977.vcxproj", "{19480B92-113B-4FAB-A396-9AA97B122093}"
EndProject
Project("{8BC9CEB8-8B4A-11D0-8D11-00A0C91BC942}") = "Boj_2455", "Boj_2455\Boj_2455.vcxproj", "{497CE71E-0AA9-4EA8-8F04-29D080B3A594}"
EndProject
Project("{8BC9CEB8-8B4A-11D0-8D11-00A0C91BC942}") = "Boj_1094", "Boj_1094\Boj_1094.vcxproj", "{D433ABB1-FA0B-40EA-A840-6CE27816050F}"
EndProject
Project("{8BC9CEB8-8B4A-11D0-8D11-00A0C91BC942}") = "Boj_1057", "Boj_1057\Boj_1057.vcxproj", "{5041CF65-1707-4D58-9BDF-D1694A1C62EC}"
EndProject
Project("{8BC9CEB8-8B4A-11D0-8D11-00A0C91BC942}") = "Boj_1021", "Boj_1021\Boj_1021.vcxproj", "{624F961D-1336-4A42-AA4B-1B5C11D7902C}"
EndProject
Project("{8BC9CEB8-8B4A-11D0-8D11-00A0C91BC942}") = "Boj_1024", "Boj_1024\Boj_1024.vcxproj", "{48C1FAFD-C276-4C38-8C44-3E3DFE695D7C}"
EndProject
Project("{8BC9CEB8-8B4A-11D0-8D11-00A0C91BC942}") = "Boj_10253", "Boj_10253\Boj_10253.vcxproj", "{5007E6D8-36FB-4DB4-83FB-E734DEAC5705}"
EndProject
Project("{8BC9CEB8-8B4A-11D0-8D11-00A0C91BC942}") = "Boj_1107", "Boj_1107\Boj_1107.vcxproj", "{63AE5279-699A-4E37-BC6A-979CDC744F3C}"
EndProject
Project("{8BC9CEB8-8B4A-11D0-8D11-00A0C91BC942}") = "Boj_10219", "Boj_10219\Boj_10219.vcxproj", "{18D37428-CAAC-4CD8-9F26-44F8952A0FB5}"
EndProject
Project("{8BC9CEB8-8B4A-11D0-8D11-00A0C91BC942}") = "dfs", "dfs\dfs.vcxproj", "{CF46A331-1CCD-4FC2-B68D-D31697E42A2D}"
EndProject
Project("{8BC9CEB8-8B4A-11D0-8D11-00A0C91BC942}") = "Boj_2606", "Boj_2606\Boj_2606.vcxproj", "{CA87C635-96DB-4CB6-9FBE-4205F4DFA722}"
EndProject
Project("{8BC9CEB8-8B4A-11D0-8D11-00A0C91BC942}") = "Boj_1753", "Boj_1753\Boj_1753.vcxproj", "{B8688123-2A57-410F-9175-7701D23472CF}"
EndProject
Project("{8BC9CEB8-8B4A-11D0-8D11-00A0C91BC942}") = "dijkstra", "dijkstra\dijkstra.vcxproj", "{457EF3BE-1F62-4CDB-921D-4AD0D8C8CE12}"
EndProject
Project("{8BC9CEB8-8B4A-11D0-8D11-00A0C91BC942}") = "Boj_1759", "Boj_1759\Boj_1759.vcxproj", "{8D9B325D-093F-4B3B-A44F-01B0B653EA2E}"
EndProject
Project("{8BC9CEB8-8B4A-11D0-8D11-00A0C91BC942}") = "Boj_2178", "Boj_2178\Boj_2178.vcxproj", "{4E68F875-736A-40D2-A40B-9104D98F7B8E}"
EndProject
Project("{8BC9CEB8-8B4A-11D0-8D11-00A0C91BC942}") = "Boj_2468", "Boj_2468\Boj_2468.vcxproj", "{756B4AC6-985F-40D7-9962-0476BA8025E5}"
EndProject
Project("{8BC9CEB8-8B4A-11D0-8D11-00A0C91BC942}") = "Boj_2750", "Boj_2750\Boj_2750.vcxproj", "{0153D0A2-1419-4FEA-8B05-764330EEB253}"
EndProject
Project("{8BC9CEB8-8B4A-11D0-8D11-00A0C91BC942}") = "Boj_2752", "Boj_2752\Boj_2752.vcxproj", "{932478F4-B181-458E-AD0C-802C7E0727C9}"
EndProject
Project("{8BC9CEB8-8B4A-11D0-8D11-00A0C91BC942}") = "Boj_2751", "Boj_2751\Boj_2751.vcxproj", "{0F1A5FE9-7B42-4770-86AB-7F9234F12687}"
EndProject
Project("{8BC9CEB8-8B4A-11D0-8D11-00A0C91BC942}") = "Boj_1181", "Boj_1181\Boj_1181.vcxproj", "{DE866F30-E360-4ADE-8D10-E728FBFD215E}"
EndProject
Project("{8BC9CEB8-8B4A-11D0-8D11-00A0C91BC942}") = "Boj_1431", "Boj_1431\Boj_1431.vcxproj", "{4A18CEAA-86BC-4B9C-8F31-4DAF5EB39189}"
EndProject
Project("{8BC9CEB8-8B4A-11D0-8D11-00A0C91BC942}") = "Boj_10989", "Bo\Project11111.vcxproj", "{0D6EB181-609C-4D7A-BD61-9DA487632B62}"
EndProject
Project("{8BC9CEB8-8B4A-11D0-8D11-00A0C91BC942}") = "Boj_11399", "Boj_11399\Boj_11399.vcxproj", "{5CAFBB2F-6C5A-418D-984F-569DDA91854D}"
EndProject
Project("{8BC9CEB8-8B4A-11D0-8D11-00A0C91BC942}") = "Boj_11047", "Boj_11047\Boj_11047.vcxproj", "{743FF4D1-642D-4A4E-99BF-35122ED5C63D}"
EndProject
Project("{8BC9CEB8-8B4A-11D0-8D11-00A0C91BC942}") = "Boj_1931", "Boj_1931\Boj_1931.vcxproj", "{75B0532C-7F14-44CE-9866-3D23ED36A817}"
EndProject
Project("{8BC9CEB8-8B4A-11D0-8D11-00A0C91BC942}") = "Boj_5585", "Boj_5585\Boj_5585.vcxproj", "{31A1A23A-6B53-4ED3-BAF2-BBF7C2B79B25}"
EndProject
Project("{8BC9CEB8-8B4A-11D0-8D11-00A0C91BC942}") = "Boj_2217", "Boj_2217\Boj_2217.vcxproj", "{37EF3CE9-9D59-4E53-87A0-9F58DE754909}"
EndProject
Project("{8BC9CEB8-8B4A-11D0-8D11-00A0C91BC942}") = "Boj_10610", "Boj_10610\Boj_10610.vcxproj", "{F59E81D5-AA3F-454D-9058-C410525B6F01}"
EndProject
Project("{8BC9CEB8-8B4A-11D0-8D11-00A0C91BC942}") = "Boj_2875", "Boj_2875\Boj_2875.vcxproj", "{34F51B47-D3AC-495F-9064-01EEFA2059A4}"
EndProject
Project("{8BC9CEB8-8B4A-11D0-8D11-00A0C91BC942}") = "Boj_1120", "Boj_1120\Boj_1120.vcxproj", "{DE2C0735-1327-41F6-8964-F9659AB0A8B2}"
EndProject
Project("{8BC9CEB8-8B4A-11D0-8D11-00A0C91BC942}") = "Boj_1946", "Boj_1946\Boj_1946.vcxproj", "{CD655AE0-B322-4AC4-9CF3-7D29EBE41110}"
EndProject
Project("{8BC9CEB8-8B4A-11D0-8D11-00A0C91BC942}") = "Boj_1049", "Boj_1049\Boj_1049.vcxproj", "{7C6B8BD1-B9D7-4075-BEDB-B65389E25FF9}"
EndProject
Project("{8BC9CEB8-8B4A-11D0-8D11-00A0C91BC942}") = "Boj_1541", "Boj_1541\Boj_1541.vcxproj", "{7C696C75-7F96-4D94-9BDB-EA6901DD0B39}"
EndProject
Project("{8BC9CEB8-8B4A-11D0-8D11-00A0C91BC942}") = "Boj_1080", "Boj_1080\Boj_1080.vcxproj", "{B9E7BF77-DB62-441E-9006-ECAAE7388CDE}"
EndProject
Project("{8BC9CEB8-8B4A-11D0-8D11-00A0C91BC942}") = "Boj_12014", "Boj_12014\Boj_12014.vcxproj", "{EC7450CD-1759-42B8-8ED3-6B575391E833}"
EndProject
Project("{8BC9CEB8-8B4A-11D0-8D11-00A0C91BC942}") = "Boj_1260", "Boj_1260\Boj_1260.vcxproj", "{8ECB4414-D785-47BD-B122-EB0ED501499A}"
EndProject
Project("{8BC9CEB8-8B4A-11D0-8D11-00A0C91BC942}") = "Boj_2667", "Boj_2667\Boj_2667.vcxproj", "{FFBC39EA-0F30-49B1-A316-D929CBD2B92A}"
EndProject
Project("{8BC9CEB8-8B4A-11D0-8D11-00A0C91BC942}") = "Boj_10026", "Boj_10026\Boj_10026.vcxproj", "{E1182B31-0F03-4D3B-97D0-EEBAE26B0997}"
EndProject
Project("{8BC9CEB8-8B4A-11D0-8D11-00A0C91BC942}") = "Boj_1012", "Boj_1012\Boj_1012.vcxproj", "{24610966-37F4-4C43-A05F-12A2096EA8C4}"
EndProject
Project("{8BC9CEB8-8B4A-11D0-8D11-00A0C91BC942}") = "Boj_11724", "Boj_11724\Boj_11724.vcxproj", "{90354101-E12C-4336-988F-25BAE5FA6812}"
EndProject
Project("{8BC9CEB8-8B4A-11D0-8D11-00A0C91BC942}") = "Boj_6603", "Boj_6603\Boj_6603.vcxproj", "{C35ADBCA-2C04-41BE-ADFA-6891AE541DF8}"
EndProject
Project("{8BC9CEB8-8B4A-11D0-8D11-00A0C91BC942}") = "Boj_14502", "Boj_14502\Boj_14502.vcxproj", "{B05788C7-934A-4118-B887-0FF554C3A91C}"
EndProject
Global
	GlobalSection(SolutionConfigurationPlatforms) = preSolution
		Debug|x64 = Debug|x64
		Debug|x86 = Debug|x86
		Release|x64 = Release|x64
		Release|x86 = Release|x86
	EndGlobalSection
	GlobalSection(ProjectConfigurationPlatforms) = postSolution
		{F14DD70D-1CBB-4038-AD8E-C4D087A86C73}.Debug|x64.ActiveCfg = Debug|x64
		{F14DD70D-1CBB-4038-AD8E-C4D087A86C73}.Debug|x64.Build.0 = Debug|x64
		{F14DD70D-1CBB-4038-AD8E-C4D087A86C73}.Debug|x86.ActiveCfg = Debug|Win32
		{F14DD70D-1CBB-4038-AD8E-C4D087A86C73}.Debug|x86.Build.0 = Debug|Win32
		{F14DD70D-1CBB-4038-AD8E-C4D087A86C73}.Release|x64.ActiveCfg = Release|x64
		{F14DD70D-1CBB-4038-AD8E-C4D087A86C73}.Release|x64.Build.0 = Release|x64
		{F14DD70D-1CBB-4038-AD8E-C4D087A86C73}.Release|x86.ActiveCfg = Release|Win32
		{F14DD70D-1CBB-4038-AD8E-C4D087A86C73}.Release|x86.Build.0 = Release|Win32
		{9730EC55-9B15-4453-91CE-E9AD5B7E018F}.Debug|x64.ActiveCfg = Debug|x64
		{9730EC55-9B15-4453-91CE-E9AD5B7E018F}.Debug|x64.Build.0 = Debug|x64
		{9730EC55-9B15-4453-91CE-E9AD5B7E018F}.Debug|x86.ActiveCfg = Debug|Win32
		{9730EC55-9B15-4453-91CE-E9AD5B7E018F}.Debug|x86.Build.0 = Debug|Win32
		{9730EC55-9B15-4453-91CE-E9AD5B7E018F}.Release|x64.ActiveCfg = Release|x64
		{9730EC55-9B15-4453-91CE-E9AD5B7E018F}.Release|x64.Build.0 = Release|x64
		{9730EC55-9B15-4453-91CE-E9AD5B7E018F}.Release|x86.ActiveCfg = Release|Win32
		{9730EC55-9B15-4453-91CE-E9AD5B7E018F}.Release|x86.Build.0 = Release|Win32
		{C37072CD-CD8C-44E2-944B-11D04646D948}.Debug|x64.ActiveCfg = Debug|x64
		{C37072CD-CD8C-44E2-944B-11D04646D948}.Debug|x64.Build.0 = Debug|x64
		{C37072CD-CD8C-44E2-944B-11D04646D948}.Debug|x86.ActiveCfg = Debug|Win32
		{C37072CD-CD8C-44E2-944B-11D04646D948}.Debug|x86.Build.0 = Debug|Win32
		{C37072CD-CD8C-44E2-944B-11D04646D948}.Release|x64.ActiveCfg = Release|x64
		{C37072CD-CD8C-44E2-944B-11D04646D948}.Release|x64.Build.0 = Release|x64
		{C37072CD-CD8C-44E2-944B-11D04646D948}.Release|x86.ActiveCfg = Release|Win32
		{C37072CD-CD8C-44E2-944B-11D04646D948}.Release|x86.Build.0 = Release|Win32
		{6788A4C7-5A0A-4300-9B1B-5E8058848D47}.Debug|x64.ActiveCfg = Debug|x64
		{6788A4C7-5A0A-4300-9B1B-5E8058848D47}.Debug|x64.Build.0 = Debug|x64
		{6788A4C7-5A0A-4300-9B1B-5E8058848D47}.Debug|x86.ActiveCfg = Debug|Win32
		{6788A4C7-5A0A-4300-9B1B-5E8058848D47}.Debug|x86.Build.0 = Debug|Win32
		{6788A4C7-5A0A-4300-9B1B-5E8058848D47}.Release|x64.ActiveCfg = Release|x64
		{6788A4C7-5A0A-4300-9B1B-5E8058848D47}.Release|x64.Build.0 = Release|x64
		{6788A4C7-5A0A-4300-9B1B-5E8058848D47}.Release|x86.ActiveCfg = Release|Win32
		{6788A4C7-5A0A-4300-9B1B-5E8058848D47}.Release|x86.Build.0 = Release|Win32
		{2239379D-663A-4243-A097-E15A228FD0AC}.Debug|x64.ActiveCfg = Debug|x64
		{2239379D-663A-4243-A097-E15A228FD0AC}.Debug|x64.Build.0 = Debug|x64
		{2239379D-663A-4243-A097-E15A228FD0AC}.Debug|x86.ActiveCfg = Debug|Win32
		{2239379D-663A-4243-A097-E15A228FD0AC}.Debug|x86.Build.0 = Debug|Win32
		{2239379D-663A-4243-A097-E15A228FD0AC}.Release|x64.ActiveCfg = Release|x64
		{2239379D-663A-4243-A097-E15A228FD0AC}.Release|x64.Build.0 = Release|x64
		{2239379D-663A-4243-A097-E15A228FD0AC}.Release|x86.ActiveCfg = Release|Win32
		{2239379D-663A-4243-A097-E15A228FD0AC}.Release|x86.Build.0 = Release|Win32
		{7E97D1CC-D47B-4D16-9AA1-D068DAAA0114}.Debug|x64.ActiveCfg = Debug|x64
		{7E97D1CC-D47B-4D16-9AA1-D068DAAA0114}.Debug|x64.Build.0 = Debug|x64
		{7E97D1CC-D47B-4D16-9AA1-D068DAAA0114}.Debug|x86.ActiveCfg = Debug|Win32
		{7E97D1CC-D47B-4D16-9AA1-D068DAAA0114}.Debug|x86.Build.0 = Debug|Win32
		{7E97D1CC-D47B-4D16-9AA1-D068DAAA0114}.Release|x64.ActiveCfg = Release|x64
		{7E97D1CC-D47B-4D16-9AA1-D068DAAA0114}.Release|x64.Build.0 = Release|x64
		{7E97D1CC-D47B-4D16-9AA1-D068DAAA0114}.Release|x86.ActiveCfg = Release|Win32
		{7E97D1CC-D47B-4D16-9AA1-D068DAAA0114}.Release|x86.Build.0 = Release|Win32
		{6C662CC0-FFCE-4F4C-8E51-47DB49090ED2}.Debug|x64.ActiveCfg = Debug|x64
		{6C662CC0-FFCE-4F4C-8E51-47DB49090ED2}.Debug|x64.Build.0 = Debug|x64
		{6C662CC0-FFCE-4F4C-8E51-47DB49090ED2}.Debug|x86.ActiveCfg = Debug|Win32
		{6C662CC0-FFCE-4F4C-8E51-47DB49090ED2}.Debug|x86.Build.0 = Debug|Win32
		{6C662CC0-FFCE-4F4C-8E51-47DB49090ED2}.Release|x64.ActiveCfg = Release|x64
		{6C662CC0-FFCE-4F4C-8E51-47DB49090ED2}.Release|x64.Build.0 = Release|x64
		{6C662CC0-FFCE-4F4C-8E51-47DB49090ED2}.Release|x86.ActiveCfg = Release|Win32
		{6C662CC0-FFCE-4F4C-8E51-47DB49090ED2}.Release|x86.Build.0 = Release|Win32
		{2A780E43-2C5B-49B5-BFD8-1BC6F99AF3BA}.Debug|x64.ActiveCfg = Debug|x64
		{2A780E43-2C5B-49B5-BFD8-1BC6F99AF3BA}.Debug|x64.Build.0 = Debug|x64
		{2A780E43-2C5B-49B5-BFD8-1BC6F99AF3BA}.Debug|x86.ActiveCfg = Debug|Win32
		{2A780E43-2C5B-49B5-BFD8-1BC6F99AF3BA}.Debug|x86.Build.0 = Debug|Win32
		{2A780E43-2C5B-49B5-BFD8-1BC6F99AF3BA}.Release|x64.ActiveCfg = Release|x64
		{2A780E43-2C5B-49B5-BFD8-1BC6F99AF3BA}.Release|x64.Build.0 = Release|x64
		{2A780E43-2C5B-49B5-BFD8-1BC6F99AF3BA}.Release|x86.ActiveCfg = Release|Win32
		{2A780E43-2C5B-49B5-BFD8-1BC6F99AF3BA}.Release|x86.Build.0 = Release|Win32
		{906B6EE7-702D-459C-BFBF-D6D493C3D1C0}.Debug|x64.ActiveCfg = Debug|x64
		{906B6EE7-702D-459C-BFBF-D6D493C3D1C0}.Debug|x64.Build.0 = Debug|x64
		{906B6EE7-702D-459C-BFBF-D6D493C3D1C0}.Debug|x86.ActiveCfg = Debug|Win32
		{906B6EE7-702D-459C-BFBF-D6D493C3D1C0}.Debug|x86.Build.0 = Debug|Win32
		{906B6EE7-702D-459C-BFBF-D6D493C3D1C0}.Release|x64.ActiveCfg = Release|x64
		{906B6EE7-702D-459C-BFBF-D6D493C3D1C0}.Release|x64.Build.0 = Release|x64
		{906B6EE7-702D-459C-BFBF-D6D493C3D1C0}.Release|x86.ActiveCfg = Release|Win32
		{906B6EE7-702D-459C-BFBF-D6D493C3D1C0}.Release|x86.Build.0 = Release|Win32
		{32BB187B-BADA-4A75-B77D-EB5C956CDF43}.Debug|x64.ActiveCfg = Debug|x64
		{32BB187B-BADA-4A75-B77D-EB5C956CDF43}.Debug|x64.Build.0 = Debug|x64
		{32BB187B-BADA-4A75-B77D-EB5C956CDF43}.Debug|x86.ActiveCfg = Debug|Win32
		{32BB187B-BADA-4A75-B77D-EB5C956CDF43}.Debug|x86.Build.0 = Debug|Win32
		{32BB187B-BADA-4A75-B77D-EB5C956CDF43}.Release|x64.ActiveCfg = Release|x64
		{32BB187B-BADA-4A75-B77D-EB5C956CDF43}.Release|x64.Build.0 = Release|x64
		{32BB187B-BADA-4A75-B77D-EB5C956CDF43}.Release|x86.ActiveCfg = Release|Win32
		{32BB187B-BADA-4A75-B77D-EB5C956CDF43}.Release|x86.Build.0 = Release|Win32
		{757820F8-12AC-4EFB-AD9D-B9DF1F443A23}.Debug|x64.ActiveCfg = Debug|x64
		{757820F8-12AC-4EFB-AD9D-B9DF1F443A23}.Debug|x64.Build.0 = Debug|x64
		{757820F8-12AC-4EFB-AD9D-B9DF1F443A23}.Debug|x86.ActiveCfg = Debug|Win32
		{757820F8-12AC-4EFB-AD9D-B9DF1F443A23}.Debug|x86.Build.0 = Debug|Win32
		{757820F8-12AC-4EFB-AD9D-B9DF1F443A23}.Release|x64.ActiveCfg = Release|x64
		{757820F8-12AC-4EFB-AD9D-B9DF1F443A23}.Release|x64.Build.0 = Release|x64
		{757820F8-12AC-4EFB-AD9D-B9DF1F443A23}.Release|x86.ActiveCfg = Release|Win32
		{757820F8-12AC-4EFB-AD9D-B9DF1F443A23}.Release|x86.Build.0 = Release|Win32
		{DA5637C3-2058-4FD4-BDCB-B0FE6D5AA717}.Debug|x64.ActiveCfg = Debug|x64
		{DA5637C3-2058-4FD4-BDCB-B0FE6D5AA717}.Debug|x64.Build.0 = Debug|x64
		{DA5637C3-2058-4FD4-BDCB-B0FE6D5AA717}.Debug|x86.ActiveCfg = Debug|Win32
		{DA5637C3-2058-4FD4-BDCB-B0FE6D5AA717}.Debug|x86.Build.0 = Debug|Win32
		{DA5637C3-2058-4FD4-BDCB-B0FE6D5AA717}.Release|x64.ActiveCfg = Release|x64
		{DA5637C3-2058-4FD4-BDCB-B0FE6D5AA717}.Release|x64.Build.0 = Release|x64
		{DA5637C3-2058-4FD4-BDCB-B0FE6D5AA717}.Release|x86.ActiveCfg = Release|Win32
		{DA5637C3-2058-4FD4-BDCB-B0FE6D5AA717}.Release|x86.Build.0 = Release|Win32
		{E3880C1A-C6A4-4C8E-AF9C-44461C264A67}.Debug|x64.ActiveCfg = Debug|x64
		{E3880C1A-C6A4-4C8E-AF9C-44461C264A67}.Debug|x64.Build.0 = Debug|x64
		{E3880C1A-C6A4-4C8E-AF9C-44461C264A67}.Debug|x86.ActiveCfg = Debug|Win32
		{E3880C1A-C6A4-4C8E-AF9C-44461C264A67}.Debug|x86.Build.0 = Debug|Win32
		{E3880C1A-C6A4-4C8E-AF9C-44461C264A67}.Release|x64.ActiveCfg = Release|x64
		{E3880C1A-C6A4-4C8E-AF9C-44461C264A67}.Release|x64.Build.0 = Release|x64
		{E3880C1A-C6A4-4C8E-AF9C-44461C264A67}.Release|x86.ActiveCfg = Release|Win32
		{E3880C1A-C6A4-4C8E-AF9C-44461C264A67}.Release|x86.Build.0 = Release|Win32
		{0A0CF91A-094E-40F2-85E3-FD55A42D31A1}.Debug|x64.ActiveCfg = Debug|x64
		{0A0CF91A-094E-40F2-85E3-FD55A42D31A1}.Debug|x64.Build.0 = Debug|x64
		{0A0CF91A-094E-40F2-85E3-FD55A42D31A1}.Debug|x86.ActiveCfg = Debug|Win32
		{0A0CF91A-094E-40F2-85E3-FD55A42D31A1}.Debug|x86.Build.0 = Debug|Win32
		{0A0CF91A-094E-40F2-85E3-FD55A42D31A1}.Release|x64.ActiveCfg = Release|x64
		{0A0CF91A-094E-40F2-85E3-FD55A42D31A1}.Release|x64.Build.0 = Release|x64
		{0A0CF91A-094E-40F2-85E3-FD55A42D31A1}.Release|x86.ActiveCfg = Release|Win32
		{0A0CF91A-094E-40F2-85E3-FD55A42D31A1}.Release|x86.Build.0 = Release|Win32
		{6AE4A9E3-54ED-499B-BE22-A43DDDD0D439}.Debug|x64.ActiveCfg = Debug|x64
		{6AE4A9E3-54ED-499B-BE22-A43DDDD0D439}.Debug|x64.Build.0 = Debug|x64
		{6AE4A9E3-54ED-499B-BE22-A43DDDD0D439}.Debug|x86.ActiveCfg = Debug|Win32
		{6AE4A9E3-54ED-499B-BE22-A43DDDD0D439}.Debug|x86.Build.0 = Debug|Win32
		{6AE4A9E3-54ED-499B-BE22-A43DDDD0D439}.Release|x64.ActiveCfg = Release|x64
		{6AE4A9E3-54ED-499B-BE22-A43DDDD0D439}.Release|x64.Build.0 = Release|x64
		{6AE4A9E3-54ED-499B-BE22-A43DDDD0D439}.Release|x86.ActiveCfg = Release|Win32
		{6AE4A9E3-54ED-499B-BE22-A43DDDD0D439}.Release|x86.Build.0 = Release|Win32
		{19480B92-113B-4FAB-A396-9AA97B122093}.Debug|x64.ActiveCfg = Debug|x64
		{19480B92-113B-4FAB-A396-9AA97B122093}.Debug|x64.Build.0 = Debug|x64
		{19480B92-113B-4FAB-A396-9AA97B122093}.Debug|x86.ActiveCfg = Debug|Win32
		{19480B92-113B-4FAB-A396-9AA97B122093}.Debug|x86.Build.0 = Debug|Win32
		{19480B92-113B-4FAB-A396-9AA97B122093}.Release|x64.ActiveCfg = Release|x64
		{19480B92-113B-4FAB-A396-9AA97B122093}.Release|x64.Build.0 = Release|x64
		{19480B92-113B-4FAB-A396-9AA97B122093}.Release|x86.ActiveCfg = Release|Win32
		{19480B92-113B-4FAB-A396-9AA97B122093}.Release|x86.Build.0 = Release|Win32
		{497CE71E-0AA9-4EA8-8F04-29D080B3A594}.Debug|x64.ActiveCfg = Debug|x64
		{497CE71E-0AA9-4EA8-8F04-29D080B3A594}.Debug|x64.Build.0 = Debug|x64
		{497CE71E-0AA9-4EA8-8F04-29D080B3A594}.Debug|x86.ActiveCfg = Debug|Win32
		{497CE71E-0AA9-4EA8-8F04-29D080B3A594}.Debug|x86.Build.0 = Debug|Win32
		{497CE71E-0AA9-4EA8-8F04-29D080B3A594}.Release|x64.ActiveCfg = Release|x64
		{497CE71E-0AA9-4EA8-8F04-29D080B3A594}.Release|x64.Build.0 = Release|x64
		{497CE71E-0AA9-4EA8-8F04-29D080B3A594}.Release|x86.ActiveCfg = Release|Win32
		{497CE71E-0AA9-4EA8-8F04-29D080B3A594}.Release|x86.Build.0 = Release|Win32
		{D433ABB1-FA0B-40EA-A840-6CE27816050F}.Debug|x64.ActiveCfg = Debug|x64
		{D433ABB1-FA0B-40EA-A840-6CE27816050F}.Debug|x64.Build.0 = Debug|x64
		{D433ABB1-FA0B-40EA-A840-6CE27816050F}.Debug|x86.ActiveCfg = Debug|Win32
		{D433ABB1-FA0B-40EA-A840-6CE27816050F}.Debug|x86.Build.0 = Debug|Win32
		{D433ABB1-FA0B-40EA-A840-6CE27816050F}.Release|x64.ActiveCfg = Release|x64
		{D433ABB1-FA0B-40EA-A840-6CE27816050F}.Release|x64.Build.0 = Release|x64
		{D433ABB1-FA0B-40EA-A840-6CE27816050F}.Release|x86.ActiveCfg = Release|Win32
		{D433ABB1-FA0B-40EA-A840-6CE27816050F}.Release|x86.Build.0 = Release|Win32
		{5041CF65-1707-4D58-9BDF-D1694A1C62EC}.Debug|x64.ActiveCfg = Debug|x64
		{5041CF65-1707-4D58-9BDF-D1694A1C62EC}.Debug|x64.Build.0 = Debug|x64
		{5041CF65-1707-4D58-9BDF-D1694A1C62EC}.Debug|x86.ActiveCfg = Debug|Win32
		{5041CF65-1707-4D58-9BDF-D1694A1C62EC}.Debug|x86.Build.0 = Debug|Win32
		{5041CF65-1707-4D58-9BDF-D1694A1C62EC}.Release|x64.ActiveCfg = Release|x64
		{5041CF65-1707-4D58-9BDF-D1694A1C62EC}.Release|x64.Build.0 = Release|x64
		{5041CF65-1707-4D58-9BDF-D1694A1C62EC}.Release|x86.ActiveCfg = Release|Win32
		{5041CF65-1707-4D58-9BDF-D1694A1C62EC}.Release|x86.Build.0 = Release|Win32
		{624F961D-1336-4A42-AA4B-1B5C11D7902C}.Debug|x64.ActiveCfg = Debug|x64
		{624F961D-1336-4A42-AA4B-1B5C11D7902C}.Debug|x64.Build.0 = Debug|x64
		{624F961D-1336-4A42-AA4B-1B5C11D7902C}.Debug|x86.ActiveCfg = Debug|Win32
		{624F961D-1336-4A42-AA4B-1B5C11D7902C}.Debug|x86.Build.0 = Debug|Win32
		{624F961D-1336-4A42-AA4B-1B5C11D7902C}.Release|x64.ActiveCfg = Release|x64
		{624F961D-1336-4A42-AA4B-1B5C11D7902C}.Release|x64.Build.0 = Release|x64
		{624F961D-1336-4A42-AA4B-1B5C11D7902C}.Release|x86.ActiveCfg = Release|Win32
		{624F961D-1336-4A42-AA4B-1B5C11D7902C}.Release|x86.Build.0 = Release|Win32
		{48C1FAFD-C276-4C38-8C44-3E3DFE695D7C}.Debug|x64.ActiveCfg = Debug|x64
		{48C1FAFD-C276-4C38-8C44-3E3DFE695D7C}.Debug|x64.Build.0 = Debug|x64
		{48C1FAFD-C276-4C38-8C44-3E3DFE695D7C}.Debug|x86.ActiveCfg = Debug|Win32
		{48C1FAFD-C276-4C38-8C44-3E3DFE695D7C}.Debug|x86.Build.0 = Debug|Win32
		{48C1FAFD-C276-4C38-8C44-3E3DFE695D7C}.Release|x64.ActiveCfg = Release|x64
		{48C1FAFD-C276-4C38-8C44-3E3DFE695D7C}.Release|x64.Build.0 = Release|x64
		{48C1FAFD-C276-4C38-8C44-3E3DFE695D7C}.Release|x86.ActiveCfg = Release|Win32
		{48C1FAFD-C276-4C38-8C44-3E3DFE695D7C}.Release|x86.Build.0 = Release|Win32
		{5007E6D8-36FB-4DB4-83FB-E734DEAC5705}.Debug|x64.ActiveCfg = Debug|x64
		{5007E6D8-36FB-4DB4-83FB-E734DEAC5705}.Debug|x64.Build.0 = Debug|x64
		{5007E6D8-36FB-4DB4-83FB-E734DEAC5705}.Debug|x86.ActiveCfg = Debug|Win32
		{5007E6D8-36FB-4DB4-83FB-E734DEAC5705}.Debug|x86.Build.0 = Debug|Win32
		{5007E6D8-36FB-4DB4-83FB-E734DEAC5705}.Release|x64.ActiveCfg = Release|x64
		{5007E6D8-36FB-4DB4-83FB-E734DEAC5705}.Release|x64.Build.0 = Release|x64
		{5007E6D8-36FB-4DB4-83FB-E734DEAC5705}.Release|x86.ActiveCfg = Release|Win32
		{5007E6D8-36FB-4DB4-83FB-E734DEAC5705}.Release|x86.Build.0 = Release|Win32
		{63AE5279-699A-4E37-BC6A-979CDC744F3C}.Debug|x64.ActiveCfg = Debug|x64
		{63AE5279-699A-4E37-BC6A-979CDC744F3C}.Debug|x64.Build.0 = Debug|x64
		{63AE5279-699A-4E37-BC6A-979CDC744F3C}.Debug|x86.ActiveCfg = Debug|Win32
		{63AE5279-699A-4E37-BC6A-979CDC744F3C}.Debug|x86.Build.0 = Debug|Win32
		{63AE5279-699A-4E37-BC6A-979CDC744F3C}.Release|x64.ActiveCfg = Release|x64
		{63AE5279-699A-4E37-BC6A-979CDC744F3C}.Release|x64.Build.0 = Release|x64
		{63AE5279-699A-4E37-BC6A-979CDC744F3C}.Release|x86.ActiveCfg = Release|Win32
		{63AE5279-699A-4E37-BC6A-979CDC744F3C}.Release|x86.Build.0 = Release|Win32
		{18D37428-CAAC-4CD8-9F26-44F8952A0FB5}.Debug|x64.ActiveCfg = Debug|x64
		{18D37428-CAAC-4CD8-9F26-44F8952A0FB5}.Debug|x64.Build.0 = Debug|x64
		{18D37428-CAAC-4CD8-9F26-44F8952A0FB5}.Debug|x86.ActiveCfg = Debug|Win32
		{18D37428-CAAC-4CD8-9F26-44F8952A0FB5}.Debug|x86.Build.0 = Debug|Win32
		{18D37428-CAAC-4CD8-9F26-44F8952A0FB5}.Release|x64.ActiveCfg = Release|x64
		{18D37428-CAAC-4CD8-9F26-44F8952A0FB5}.Release|x64.Build.0 = Release|x64
		{18D37428-CAAC-4CD8-9F26-44F8952A0FB5}.Release|x86.ActiveCfg = Release|Win32
		{18D37428-CAAC-4CD8-9F26-44F8952A0FB5}.Release|x86.Build.0 = Release|Win32
		{CF46A331-1CCD-4FC2-B68D-D31697E42A2D}.Debug|x64.ActiveCfg = Debug|x64
		{CF46A331-1CCD-4FC2-B68D-D31697E42A2D}.Debug|x64.Build.0 = Debug|x64
		{CF46A331-1CCD-4FC2-B68D-D31697E42A2D}.Debug|x86.ActiveCfg = Debug|Win32
		{CF46A331-1CCD-4FC2-B68D-D31697E42A2D}.Debug|x86.Build.0 = Debug|Win32
		{CF46A331-1CCD-4FC2-B68D-D31697E42A2D}.Release|x64.ActiveCfg = Release|x64
		{CF46A331-1CCD-4FC2-B68D-D31697E42A2D}.Release|x64.Build.0 = Release|x64
		{CF46A331-1CCD-4FC2-B68D-D31697E42A2D}.Release|x86.ActiveCfg = Release|Win32
		{CF46A331-1CCD-4FC2-B68D-D31697E42A2D}.Release|x86.Build.0 = Release|Win32
		{CA87C635-96DB-4CB6-9FBE-4205F4DFA722}.Debug|x64.ActiveCfg = Debug|x64
		{CA87C635-96DB-4CB6-9FBE-4205F4DFA722}.Debug|x64.Build.0 = Debug|x64
		{CA87C635-96DB-4CB6-9FBE-4205F4DFA722}.Debug|x86.ActiveCfg = Debug|Win32
		{CA87C635-96DB-4CB6-9FBE-4205F4DFA722}.Debug|x86.Build.0 = Debug|Win32
		{CA87C635-96DB-4CB6-9FBE-4205F4DFA722}.Release|x64.ActiveCfg = Release|x64
		{CA87C635-96DB-4CB6-9FBE-4205F4DFA722}.Release|x64.Build.0 = Release|x64
		{CA87C635-96DB-4CB6-9FBE-4205F4DFA722}.Release|x86.ActiveCfg = Release|Win32
		{CA87C635-96DB-4CB6-9FBE-4205F4DFA722}.Release|x86.Build.0 = Release|Win32
		{B8688123-2A57-410F-9175-7701D23472CF}.Debug|x64.ActiveCfg = Debug|x64
		{B8688123-2A57-410F-9175-7701D23472CF}.Debug|x64.Build.0 = Debug|x64
		{B8688123-2A57-410F-9175-7701D23472CF}.Debug|x86.ActiveCfg = Debug|Win32
		{B8688123-2A57-410F-9175-7701D23472CF}.Debug|x86.Build.0 = Debug|Win32
		{B8688123-2A57-410F-9175-7701D23472CF}.Release|x64.ActiveCfg = Release|x64
		{B8688123-2A57-410F-9175-7701D23472CF}.Release|x64.Build.0 = Release|x64
		{B8688123-2A57-410F-9175-7701D23472CF}.Release|x86.ActiveCfg = Release|Win32
		{B8688123-2A57-410F-9175-7701D23472CF}.Release|x86.Build.0 = Release|Win32
		{457EF3BE-1F62-4CDB-921D-4AD0D8C8CE12}.Debug|x64.ActiveCfg = Debug|x64
		{457EF3BE-1F62-4CDB-921D-4AD0D8C8CE12}.Debug|x64.Build.0 = Debug|x64
		{457EF3BE-1F62-4CDB-921D-4AD0D8C8CE12}.Debug|x86.ActiveCfg = Debug|Win32
		{457EF3BE-1F62-4CDB-921D-4AD0D8C8CE12}.Debug|x86.Build.0 = Debug|Win32
		{457EF3BE-1F62-4CDB-921D-4AD0D8C8CE12}.Release|x64.ActiveCfg = Release|x64
		{457EF3BE-1F62-4CDB-921D-4AD0D8C8CE12}.Release|x64.Build.0 = Release|x64
		{457EF3BE-1F62-4CDB-921D-4AD0D8C8CE12}.Release|x86.ActiveCfg = Release|Win32
		{457EF3BE-1F62-4CDB-921D-4AD0D8C8CE12}.Release|x86.Build.0 = Release|Win32
		{8D9B325D-093F-4B3B-A44F-01B0B653EA2E}.Debug|x64.ActiveCfg = Debug|x64
		{8D9B325D-093F-4B3B-A44F-01B0B653EA2E}.Debug|x64.Build.0 = Debug|x64
		{8D9B325D-093F-4B3B-A44F-01B0B653EA2E}.Debug|x86.ActiveCfg = Debug|Win32
		{8D9B325D-093F-4B3B-A44F-01B0B653EA2E}.Debug|x86.Build.0 = Debug|Win32
		{8D9B325D-093F-4B3B-A44F-01B0B653EA2E}.Release|x64.ActiveCfg = Release|x64
		{8D9B325D-093F-4B3B-A44F-01B0B653EA2E}.Release|x64.Build.0 = Release|x64
		{8D9B325D-093F-4B3B-A44F-01B0B653EA2E}.Release|x86.ActiveCfg = Release|Win32
		{8D9B325D-093F-4B3B-A44F-01B0B653EA2E}.Release|x86.Build.0 = Release|Win32
		{4E68F875-736A-40D2-A40B-9104D98F7B8E}.Debug|x64.ActiveCfg = Debug|x64
		{4E68F875-736A-40D2-A40B-9104D98F7B8E}.Debug|x64.Build.0 = Debug|x64
		{4E68F875-736A-40D2-A40B-9104D98F7B8E}.Debug|x86.ActiveCfg = Debug|Win32
		{4E68F875-736A-40D2-A40B-9104D98F7B8E}.Debug|x86.Build.0 = Debug|Win32
		{4E68F875-736A-40D2-A40B-9104D98F7B8E}.Release|x64.ActiveCfg = Release|x64
		{4E68F875-736A-40D2-A40B-9104D98F7B8E}.Release|x64.Build.0 = Release|x64
		{4E68F875-736A-40D2-A40B-9104D98F7B8E}.Release|x86.ActiveCfg = Release|Win32
		{4E68F875-736A-40D2-A40B-9104D98F7B8E}.Release|x86.Build.0 = Release|Win32
		{756B4AC6-985F-40D7-9962-0476BA8025E5}.Debug|x64.ActiveCfg = Debug|x64
		{756B4AC6-985F-40D7-9962-0476BA8025E5}.Debug|x64.Build.0 = Debug|x64
		{756B4AC6-985F-40D7-9962-0476BA8025E5}.Debug|x86.ActiveCfg = Debug|Win32
		{756B4AC6-985F-40D7-9962-0476BA8025E5}.Debug|x86.Build.0 = Debug|Win32
		{756B4AC6-985F-40D7-9962-0476BA8025E5}.Release|x64.ActiveCfg = Release|x64
		{756B4AC6-985F-40D7-9962-0476BA8025E5}.Release|x64.Build.0 = Release|x64
		{756B4AC6-985F-40D7-9962-0476BA8025E5}.Release|x86.ActiveCfg = Release|Win32
		{756B4AC6-985F-40D7-9962-0476BA8025E5}.Release|x86.Build.0 = Release|Win32
		{0153D0A2-1419-4FEA-8B05-764330EEB253}.Debug|x64.ActiveCfg = Debug|x64
		{0153D0A2-1419-4FEA-8B05-764330EEB253}.Debug|x64.Build.0 = Debug|x64
		{0153D0A2-1419-4FEA-8B05-764330EEB253}.Debug|x86.ActiveCfg = Debug|Win32
		{0153D0A2-1419-4FEA-8B05-764330EEB253}.Debug|x86.Build.0 = Debug|Win32
		{0153D0A2-1419-4FEA-8B05-764330EEB253}.Release|x64.ActiveCfg = Release|x64
		{0153D0A2-1419-4FEA-8B05-764330EEB253}.Release|x64.Build.0 = Release|x64
		{0153D0A2-1419-4FEA-8B05-764330EEB253}.Release|x86.ActiveCfg = Release|Win32
		{0153D0A2-1419-4FEA-8B05-764330EEB253}.Release|x86.Build.0 = Release|Win32
		{932478F4-B181-458E-AD0C-802C7E0727C9}.Debug|x64.ActiveCfg = Debug|x64
		{932478F4-B181-458E-AD0C-802C7E0727C9}.Debug|x64.Build.0 = Debug|x64
		{932478F4-B181-458E-AD0C-802C7E0727C9}.Debug|x86.ActiveCfg = Debug|Win32
		{932478F4-B181-458E-AD0C-802C7E0727C9}.Debug|x86.Build.0 = Debug|Win32
		{932478F4-B181-458E-AD0C-802C7E0727C9}.Release|x64.ActiveCfg = Release|x64
		{932478F4-B181-458E-AD0C-802C7E0727C9}.Release|x64.Build.0 = Release|x64
		{932478F4-B181-458E-AD0C-802C7E0727C9}.Release|x86.ActiveCfg = Release|Win32
		{932478F4-B181-458E-AD0C-802C7E0727C9}.Release|x86.Build.0 = Release|Win32
		{0F1A5FE9-7B42-4770-86AB-7F9234F12687}.Debug|x64.ActiveCfg = Debug|x64
		{0F1A5FE9-7B42-4770-86AB-7F9234F12687}.Debug|x64.Build.0 = Debug|x64
		{0F1A5FE9-7B42-4770-86AB-7F9234F12687}.Debug|x86.ActiveCfg = Debug|Win32
		{0F1A5FE9-7B42-4770-86AB-7F9234F12687}.Debug|x86.Build.0 = Debug|Win32
		{0F1A5FE9-7B42-4770-86AB-7F9234F12687}.Release|x64.ActiveCfg = Release|x64
		{0F1A5FE9-7B42-4770-86AB-7F9234F12687}.Release|x64.Build.0 = Release|x64
		{0F1A5FE9-7B42-4770-86AB-7F9234F12687}.Release|x86.ActiveCfg = Release|Win32
		{0F1A5FE9-7B42-4770-86AB-7F9234F12687}.Release|x86.Build.0 = Release|Win32
		{DE866F30-E360-4ADE-8D10-E728FBFD215E}.Debug|x64.ActiveCfg = Debug|x64
		{DE866F30-E360-4ADE-8D10-E728FBFD215E}.Debug|x64.Build.0 = Debug|x64
		{DE866F30-E360-4ADE-8D10-E728FBFD215E}.Debug|x86.ActiveCfg = Debug|Win32
		{DE866F30-E360-4ADE-8D10-E728FBFD215E}.Debug|x86.Build.0 = Debug|Win32
		{DE866F30-E360-4ADE-8D10-E728FBFD215E}.Release|x64.ActiveCfg = Release|x64
		{DE866F30-E360-4ADE-8D10-E728FBFD215E}.Release|x64.Build.0 = Release|x64
		{DE866F30-E360-4ADE-8D10-E728FBFD215E}.Release|x86.ActiveCfg = Release|Win32
		{DE866F30-E360-4ADE-8D10-E728FBFD215E}.Release|x86.Build.0 = Release|Win32
		{4A18CEAA-86BC-4B9C-8F31-4DAF5EB39189}.Debug|x64.ActiveCfg = Debug|x64
		{4A18CEAA-86BC-4B9C-8F31-4DAF5EB39189}.Debug|x64.Build.0 = Debug|x64
		{4A18CEAA-86BC-4B9C-8F31-4DAF5EB39189}.Debug|x86.ActiveCfg = Debug|Win32
		{4A18CEAA-86BC-4B9C-8F31-4DAF5EB39189}.Debug|x86.Build.0 = Debug|Win32
		{4A18CEAA-86BC-4B9C-8F31-4DAF5EB39189}.Release|x64.ActiveCfg = Release|x64
		{4A18CEAA-86BC-4B9C-8F31-4DAF5EB39189}.Release|x64.Build.0 = Release|x64
		{4A18CEAA-86BC-4B9C-8F31-4DAF5EB39189}.Release|x86.ActiveCfg = Release|Win32
		{4A18CEAA-86BC-4B9C-8F31-4DAF5EB39189}.Release|x86.Build.0 = Release|Win32
		{0D6EB181-609C-4D7A-BD61-9DA487632B62}.Debug|x64.ActiveCfg = Debug|x64
		{0D6EB181-609C-4D7A-BD61-9DA487632B62}.Debug|x64.Build.0 = Debug|x64
		{0D6EB181-609C-4D7A-BD61-9DA487632B62}.Debug|x86.ActiveCfg = Debug|Win32
		{0D6EB181-609C-4D7A-BD61-9DA487632B62}.Debug|x86.Build.0 = Debug|Win32
		{0D6EB181-609C-4D7A-BD61-9DA487632B62}.Release|x64.ActiveCfg = Release|x64
		{0D6EB181-609C-4D7A-BD61-9DA487632B62}.Release|x64.Build.0 = Release|x64
		{0D6EB181-609C-4D7A-BD61-9DA487632B62}.Release|x86.ActiveCfg = Release|Win32
		{0D6EB181-609C-4D7A-BD61-9DA487632B62}.Release|x86.Build.0 = Release|Win32
		{5CAFBB2F-6C5A-418D-984F-569DDA91854D}.Debug|x64.ActiveCfg = Debug|x64
		{5CAFBB2F-6C5A-418D-984F-569DDA91854D}.Debug|x64.Build.0 = Debug|x64
		{5CAFBB2F-6C5A-418D-984F-569DDA91854D}.Debug|x86.ActiveCfg = Debug|Win32
		{5CAFBB2F-6C5A-418D-984F-569DDA91854D}.Debug|x86.Build.0 = Debug|Win32
		{5CAFBB2F-6C5A-418D-984F-569DDA91854D}.Release|x64.ActiveCfg = Release|x64
		{5CAFBB2F-6C5A-418D-984F-569DDA91854D}.Release|x64.Build.0 = Release|x64
		{5CAFBB2F-6C5A-418D-984F-569DDA91854D}.Release|x86.ActiveCfg = Release|Win32
		{5CAFBB2F-6C5A-418D-984F-569DDA91854D}.Release|x86.Build.0 = Release|Win32
		{743FF4D1-642D-4A4E-99BF-35122ED5C63D}.Debug|x64.ActiveCfg = Debug|x64
		{743FF4D1-642D-4A4E-99BF-35122ED5C63D}.Debug|x64.Build.0 = Debug|x64
		{743FF4D1-642D-4A4E-99BF-35122ED5C63D}.Debug|x86.ActiveCfg = Debug|Win32
		{743FF4D1-642D-4A4E-99BF-35122ED5C63D}.Debug|x86.Build.0 = Debug|Win32
		{743FF4D1-642D-4A4E-99BF-35122ED5C63D}.Release|x64.ActiveCfg = Release|x64
		{743FF4D1-642D-4A4E-99BF-35122ED5C63D}.Release|x64.Build.0 = Release|x64
		{743FF4D1-642D-4A4E-99BF-35122ED5C63D}.Release|x86.ActiveCfg = Release|Win32
		{743FF4D1-642D-4A4E-99BF-35122ED5C63D}.Release|x86.Build.0 = Release|Win32
		{75B0532C-7F14-44CE-9866-3D23ED36A817}.Debug|x64.ActiveCfg = Debug|x64
		{75B0532C-7F14-44CE-9866-3D23ED36A817}.Debug|x64.Build.0 = Debug|x64
		{75B0532C-7F14-44CE-9866-3D23ED36A817}.Debug|x86.ActiveCfg = Debug|Win32
		{75B0532C-7F14-44CE-9866-3D23ED36A817}.Debug|x86.Build.0 = Debug|Win32
		{75B0532C-7F14-44CE-9866-3D23ED36A817}.Release|x64.ActiveCfg = Release|x64
		{75B0532C-7F14-44CE-9866-3D23ED36A817}.Release|x64.Build.0 = Release|x64
		{75B0532C-7F14-44CE-9866-3D23ED36A817}.Release|x86.ActiveCfg = Release|Win32
		{75B0532C-7F14-44CE-9866-3D23ED36A817}.Release|x86.Build.0 = Release|Win32
		{31A1A23A-6B53-4ED3-BAF2-BBF7C2B79B25}.Debug|x64.ActiveCfg = Debug|x64
		{31A1A23A-6B53-4ED3-BAF2-BBF7C2B79B25}.Debug|x64.Build.0 = Debug|x64
		{31A1A23A-6B53-4ED3-BAF2-BBF7C2B79B25}.Debug|x86.ActiveCfg = Debug|Win32
		{31A1A23A-6B53-4ED3-BAF2-BBF7C2B79B25}.Debug|x86.Build.0 = Debug|Win32
		{31A1A23A-6B53-4ED3-BAF2-BBF7C2B79B25}.Release|x64.ActiveCfg = Release|x64
		{31A1A23A-6B53-4ED3-BAF2-BBF7C2B79B25}.Release|x64.Build.0 = Release|x64
		{31A1A23A-6B53-4ED3-BAF2-BBF7C2B79B25}.Release|x86.ActiveCfg = Release|Win32
		{31A1A23A-6B53-4ED3-BAF2-BBF7C2B79B25}.Release|x86.Build.0 = Release|Win32
		{37EF3CE9-9D59-4E53-87A0-9F58DE754909}.Debug|x64.ActiveCfg = Debug|x64
		{37EF3CE9-9D59-4E53-87A0-9F58DE754909}.Debug|x64.Build.0 = Debug|x64
		{37EF3CE9-9D59-4E53-87A0-9F58DE754909}.Debug|x86.ActiveCfg = Debug|Win32
		{37EF3CE9-9D59-4E53-87A0-9F58DE754909}.Debug|x86.Build.0 = Debug|Win32
		{37EF3CE9-9D59-4E53-87A0-9F58DE754909}.Release|x64.ActiveCfg = Release|x64
		{37EF3CE9-9D59-4E53-87A0-9F58DE754909}.Release|x64.Build.0 = Release|x64
		{37EF3CE9-9D59-4E53-87A0-9F58DE754909}.Release|x86.ActiveCfg = Release|Win32
		{37EF3CE9-9D59-4E53-87A0-9F58DE754909}.Release|x86.Build.0 = Release|Win32
		{F59E81D5-AA3F-454D-9058-C410525B6F01}.Debug|x64.ActiveCfg = Debug|x64
		{F59E81D5-AA3F-454D-9058-C410525B6F01}.Debug|x64.Build.0 = Debug|x64
		{F59E81D5-AA3F-454D-9058-C410525B6F01}.Debug|x86.ActiveCfg = Debug|Win32
		{F59E81D5-AA3F-454D-9058-C410525B6F01}.Debug|x86.Build.0 = Debug|Win32
		{F59E81D5-AA3F-454D-9058-C410525B6F01}.Release|x64.ActiveCfg = Release|x64
		{F59E81D5-AA3F-454D-9058-C410525B6F01}.Release|x64.Build.0 = Release|x64
		{F59E81D5-AA3F-454D-9058-C410525B6F01}.Release|x86.ActiveCfg = Release|Win32
		{F59E81D5-AA3F-454D-9058-C410525B6F01}.Release|x86.Build.0 = Release|Win32
		{34F51B47-D3AC-495F-9064-01EEFA2059A4}.Debug|x64.ActiveCfg = Debug|x64
		{34F51B47-D3AC-495F-9064-01EEFA2059A4}.Debug|x64.Build.0 = Debug|x64
		{34F51B47-D3AC-495F-9064-01EEFA2059A4}.Debug|x86.ActiveCfg = Debug|Win32
		{34F51B47-D3AC-495F-9064-01EEFA2059A4}.Debug|x86.Build.0 = Debug|Win32
		{34F51B47-D3AC-495F-9064-01EEFA2059A4}.Release|x64.ActiveCfg = Release|x64
		{34F51B47-D3AC-495F-9064-01EEFA2059A4}.Release|x64.Build.0 = Release|x64
		{34F51B47-D3AC-495F-9064-01EEFA2059A4}.Release|x86.ActiveCfg = Release|Win32
		{34F51B47-D3AC-495F-9064-01EEFA2059A4}.Release|x86.Build.0 = Release|Win32
		{DE2C0735-1327-41F6-8964-F9659AB0A8B2}.Debug|x64.ActiveCfg = Debug|x64
		{DE2C0735-1327-41F6-8964-F9659AB0A8B2}.Debug|x64.Build.0 = Debug|x64
		{DE2C0735-1327-41F6-8964-F9659AB0A8B2}.Debug|x86.ActiveCfg = Debug|Win32
		{DE2C0735-1327-41F6-8964-F9659AB0A8B2}.Debug|x86.Build.0 = Debug|Win32
		{DE2C0735-1327-41F6-8964-F9659AB0A8B2}.Release|x64.ActiveCfg = Release|x64
		{DE2C0735-1327-41F6-8964-F9659AB0A8B2}.Release|x64.Build.0 = Release|x64
		{DE2C0735-1327-41F6-8964-F9659AB0A8B2}.Release|x86.ActiveCfg = Release|Win32
		{DE2C0735-1327-41F6-8964-F9659AB0A8B2}.Release|x86.Build.0 = Release|Win32
		{CD655AE0-B322-4AC4-9CF3-7D29EBE41110}.Debug|x64.ActiveCfg = Debug|x64
		{CD655AE0-B322-4AC4-9CF3-7D29EBE41110}.Debug|x64.Build.0 = Debug|x64
		{CD655AE0-B322-4AC4-9CF3-7D29EBE41110}.Debug|x86.ActiveCfg = Debug|Win32
		{CD655AE0-B322-4AC4-9CF3-7D29EBE41110}.Debug|x86.Build.0 = Debug|Win32
		{CD655AE0-B322-4AC4-9CF3-7D29EBE41110}.Release|x64.ActiveCfg = Release|x64
		{CD655AE0-B322-4AC4-9CF3-7D29EBE41110}.Release|x64.Build.0 = Release|x64
		{CD655AE0-B322-4AC4-9CF3-7D29EBE41110}.Release|x86.ActiveCfg = Release|Win32
		{CD655AE0-B322-4AC4-9CF3-7D29EBE41110}.Release|x86.Build.0 = Release|Win32
		{7C6B8BD1-B9D7-4075-BEDB-B65389E25FF9}.Debug|x64.ActiveCfg = Debug|x64
		{7C6B8BD1-B9D7-4075-BEDB-B65389E25FF9}.Debug|x64.Build.0 = Debug|x64
		{7C6B8BD1-B9D7-4075-BEDB-B65389E25FF9}.Debug|x86.ActiveCfg = Debug|Win32
		{7C6B8BD1-B9D7-4075-BEDB-B65389E25FF9}.Debug|x86.Build.0 = Debug|Win32
		{7C6B8BD1-B9D7-4075-BEDB-B65389E25FF9}.Release|x64.ActiveCfg = Release|x64
		{7C6B8BD1-B9D7-4075-BEDB-B65389E25FF9}.Release|x64.Build.0 = Release|x64
		{7C6B8BD1-B9D7-4075-BEDB-B65389E25FF9}.Release|x86.ActiveCfg = Release|Win32
		{7C6B8BD1-B9D7-4075-BEDB-B65389E25FF9}.Release|x86.Build.0 = Release|Win32
		{7C696C75-7F96-4D94-9BDB-EA6901DD0B39}.Debug|x64.ActiveCfg = Debug|x64
		{7C696C75-7F96-4D94-9BDB-EA6901DD0B39}.Debug|x64.Build.0 = Debug|x64
		{7C696C75-7F96-4D94-9BDB-EA6901DD0B39}.Debug|x86.ActiveCfg = Debug|Win32
		{7C696C75-7F96-4D94-9BDB-EA6901DD0B39}.Debug|x86.Build.0 = Debug|Win32
		{7C696C75-7F96-4D94-9BDB-EA6901DD0B39}.Release|x64.ActiveCfg = Release|x64
		{7C696C75-7F96-4D94-9BDB-EA6901DD0B39}.Release|x64.Build.0 = Release|x64
		{7C696C75-7F96-4D94-9BDB-EA6901DD0B39}.Release|x86.ActiveCfg = Release|Win32
		{7C696C75-7F96-4D94-9BDB-EA6901DD0B39}.Release|x86.Build.0 = Release|Win32
		{B9E7BF77-DB62-441E-9006-ECAAE7388CDE}.Debug|x64.ActiveCfg = Debug|x64
		{B9E7BF77-DB62-441E-9006-ECAAE7388CDE}.Debug|x64.Build.0 = Debug|x64
		{B9E7BF77-DB62-441E-9006-ECAAE7388CDE}.Debug|x86.ActiveCfg = Debug|Win32
		{B9E7BF77-DB62-441E-9006-ECAAE7388CDE}.Debug|x86.Build.0 = Debug|Win32
		{B9E7BF77-DB62-441E-9006-ECAAE7388CDE}.Release|x64.ActiveCfg = Release|x64
		{B9E7BF77-DB62-441E-9006-ECAAE7388CDE}.Release|x64.Build.0 = Release|x64
		{B9E7BF77-DB62-441E-9006-ECAAE7388CDE}.Release|x86.ActiveCfg = Release|Win32
		{B9E7BF77-DB62-441E-9006-ECAAE7388CDE}.Release|x86.Build.0 = Release|Win32
		{EC7450CD-1759-42B8-8ED3-6B575391E833}.Debug|x64.ActiveCfg = Debug|x64
		{EC7450CD-1759-42B8-8ED3-6B575391E833}.Debug|x64.Build.0 = Debug|x64
		{EC7450CD-1759-42B8-8ED3-6B575391E833}.Debug|x86.ActiveCfg = Debug|Win32
		{EC7450CD-1759-42B8-8ED3-6B575391E833}.Debug|x86.Build.0 = Debug|Win32
		{EC7450CD-1759-42B8-8ED3-6B575391E833}.Release|x64.ActiveCfg = Release|x64
		{EC7450CD-1759-42B8-8ED3-6B575391E833}.Release|x64.Build.0 = Release|x64
		{EC7450CD-1759-42B8-8ED3-6B575391E833}.Release|x86.ActiveCfg = Release|Win32
		{EC7450CD-1759-42B8-8ED3-6B575391E833}.Release|x86.Build.0 = Release|Win32
		{8ECB4414-D785-47BD-B122-EB0ED501499A}.Debug|x64.ActiveCfg = Debug|x64
		{8ECB4414-D785-47BD-B122-EB0ED501499A}.Debug|x64.Build.0 = Debug|x64
		{8ECB4414-D785-47BD-B122-EB0ED501499A}.Debug|x86.ActiveCfg = Debug|Win32
		{8ECB4414-D785-47BD-B122-EB0ED501499A}.Debug|x86.Build.0 = Debug|Win32
		{8ECB4414-D785-47BD-B122-EB0ED501499A}.Release|x64.ActiveCfg = Release|x64
		{8ECB4414-D785-47BD-B122-EB0ED501499A}.Release|x64.Build.0 = Release|x64
		{8ECB4414-D785-47BD-B122-EB0ED501499A}.Release|x86.ActiveCfg = Release|Win32
		{8ECB4414-D785-47BD-B122-EB0ED501499A}.Release|x86.Build.0 = Release|Win32
		{FFBC39EA-0F30-49B1-A316-D929CBD2B92A}.Debug|x64.ActiveCfg = Debug|x64
		{FFBC39EA-0F30-49B1-A316-D929CBD2B92A}.Debug|x64.Build.0 = Debug|x64
		{FFBC39EA-0F30-49B1-A316-D929CBD2B92A}.Debug|x86.ActiveCfg = Debug|Win32
		{FFBC39EA-0F30-49B1-A316-D929CBD2B92A}.Debug|x86.Build.0 = Debug|Win32
		{FFBC39EA-0F30-49B1-A316-D929CBD2B92A}.Release|x64.ActiveCfg = Release|x64
		{FFBC39EA-0F30-49B1-A316-D929CBD2B92A}.Release|x64.Build.0 = Release|x64
		{FFBC39EA-0F30-49B1-A316-D929CBD2B92A}.Release|x86.ActiveCfg = Release|Win32
		{FFBC39EA-0F30-49B1-A316-D929CBD2B92A}.Release|x86.Build.0 = Release|Win32
		{E1182B31-0F03-4D3B-97D0-EEBAE26B0997}.Debug|x64.ActiveCfg = Debug|x64
		{E1182B31-0F03-4D3B-97D0-EEBAE26B0997}.Debug|x64.Build.0 = Debug|x64
		{E1182B31-0F03-4D3B-97D0-EEBAE26B0997}.Debug|x86.ActiveCfg = Debug|Win32
		{E1182B31-0F03-4D3B-97D0-EEBAE26B0997}.Debug|x86.Build.0 = Debug|Win32
		{E1182B31-0F03-4D3B-97D0-EEBAE26B0997}.Release|x64.ActiveCfg = Release|x64
		{E1182B31-0F03-4D3B-97D0-EEBAE26B0997}.Release|x64.Build.0 = Release|x64
		{E1182B31-0F03-4D3B-97D0-EEBAE26B0997}.Release|x86.ActiveCfg = Release|Win32
		{E1182B31-0F03-4D3B-97D0-EEBAE26B0997}.Release|x86.Build.0 = Release|Win32
		{24610966-37F4-4C43-A05F-12A2096EA8C4}.Debug|x64.ActiveCfg = Debug|x64
		{24610966-37F4-4C43-A05F-12A2096EA8C4}.Debug|x64.Build.0 = Debug|x64
		{24610966-37F4-4C43-A05F-12A2096EA8C4}.Debug|x86.ActiveCfg = Debug|Win32
		{24610966-37F4-4C43-A05F-12A2096EA8C4}.Debug|x86.Build.0 = Debug|Win32
		{24610966-37F4-4C43-A05F-12A2096EA8C4}.Release|x64.ActiveCfg = Release|x64
		{24610966-37F4-4C43-A05F-12A2096EA8C4}.Release|x64.Build.0 = Release|x64
		{24610966-37F4-4C43-A05F-12A2096EA8C4}.Release|x86.ActiveCfg = Release|Win32
		{24610966-37F4-4C43-A05F-12A2096EA8C4}.Release|x86.Build.0 = Release|Win32
		{90354101-E12C-4336-988F-25BAE5FA6812}.Debug|x64.ActiveCfg = Debug|x64
		{90354101-E12C-4336-988F-25BAE5FA6812}.Debug|x64.Build.0 = Debug|x64
		{90354101-E12C-4336-988F-25BAE5FA6812}.Debug|x86.ActiveCfg = Debug|Win32
		{90354101-E12C-4336-988F-25BAE5FA6812}.Debug|x86.Build.0 = Debug|Win32
		{90354101-E12C-4336-988F-25BAE5FA6812}.Release|x64.ActiveCfg = Release|x64
		{90354101-E12C-4336-988F-25BAE5FA6812}.Release|x64.Build.0 = Release|x64
		{90354101-E12C-4336-988F-25BAE5FA6812}.Release|x86.ActiveCfg = Release|Win32
		{90354101-E12C-4336-988F-25BAE5FA6812}.Release|x86.Build.0 = Release|Win32
		{C35ADBCA-2C04-41BE-ADFA-6891AE541DF8}.Debug|x64.ActiveCfg = Debug|x64
		{C35ADBCA-2C04-41BE-ADFA-6891AE541DF8}.Debug|x64.Build.0 = Debug|x64
		{C35ADBCA-2C04-41BE-ADFA-6891AE541DF8}.Debug|x86.ActiveCfg = Debug|Win32
		{C35ADBCA-2C04-41BE-ADFA-6891AE541DF8}.Debug|x86.Build.0 = Debug|Win32
		{C35ADBCA-2C04-41BE-ADFA-6891AE541DF8}.Release|x64.ActiveCfg = Release|x64
		{C35ADBCA-2C04-41BE-ADFA-6891AE541DF8}.Release|x64.Build.0 = Release|x64
		{C35ADBCA-2C04-41BE-ADFA-6891AE541DF8}.Release|x86.ActiveCfg = Release|Win32
		{C35ADBCA-2C04-41BE-ADFA-6891AE541DF8}.Release|x86.Build.0 = Release|Win32
		{B05788C7-934A-4118-B887-0FF554C3A91C}.Debug|x64.ActiveCfg = Debug|x64
		{B05788C7-934A-4118-B887-0FF554C3A91C}.Debug|x64.Build.0 = Debug|x64
		{B05788C7-934A-4118-B887-0FF554C3A91C}.Debug|x86.ActiveCfg = Debug|Win32
		{B05788C7-934A-4118-B887-0FF554C3A91C}.Debug|x86.Build.0 = Debug|Win32
		{B05788C7-934A-4118-B887-0FF554C3A91C}.Release|x64.ActiveCfg = Release|x64
		{B05788C7-934A-4118-B887-0FF554C3A91C}.Release|x64.Build.0 = Release|x64
		{B05788C7-934A-4118-B887-0FF554C3A91C}.Release|x86.ActiveCfg = Release|Win32
		{B05788C7-934A-4118-B887-0FF554C3A91C}.Release|x86.Build.0 = Release|Win32
	EndGlobalSection
	GlobalSection(SolutionProperties) = preSolution
		HideSolutionNode = FALSE
	EndGlobalSection
	GlobalSection(ExtensibilityGlobals) = postSolution
		SolutionGuid = {19DE6651-7537-4F4C-AE9C-07E7B27086E6}
	EndGlobalSection
EndGlobal
