
Microsoft Visual Studio Solution File, Format Version 12.00
# Visual Studio 15
VisualStudioVersion = 15.0.28307.106
MinimumVisualStudioVersion = 10.0.40219.1
Project("{8BC9CEB8-8B4A-11D0-8D11-00A0C91BC942}") = "Selection Sort", "Selection Sort\Selection Sort.vcxproj", "{2C66A311-EC55-4433-A058-A2130DC8DD97}"
EndProject
Project("{8BC9CEB8-8B4A-11D0-8D11-00A0C91BC942}") = "Bubble Sort", "Bubble Sort\Bubble Sort.vcxproj", "{74165F98-B88D-4E7A-B2B9-49F625A67E22}"
EndProject
Project("{8BC9CEB8-8B4A-11D0-8D11-00A0C91BC942}") = "InsertionSort", "InsertionSort\InsertionSort.vcxproj", "{37CD7281-39A3-489E-BE07-EBD05C4D423A}"
EndProject
Project("{8BC9CEB8-8B4A-11D0-8D11-00A0C91BC942}") = "Quick Sort", "Quick Sort\Quick Sort.vcxproj", "{F4E11318-3EEE-49C3-87B8-6BBE1E06841F}"
EndProject
Global
	GlobalSection(SolutionConfigurationPlatforms) = preSolution
		Debug|x64 = Debug|x64
		Debug|x86 = Debug|x86
		Release|x64 = Release|x64
		Release|x86 = Release|x86
	EndGlobalSection
	GlobalSection(ProjectConfigurationPlatforms) = postSolution
		{2C66A311-EC55-4433-A058-A2130DC8DD97}.Debug|x64.ActiveCfg = Debug|x64
		{2C66A311-EC55-4433-A058-A2130DC8DD97}.Debug|x64.Build.0 = Debug|x64
		{2C66A311-EC55-4433-A058-A2130DC8DD97}.Debug|x86.ActiveCfg = Debug|Win32
		{2C66A311-EC55-4433-A058-A2130DC8DD97}.Debug|x86.Build.0 = Debug|Win32
		{2C66A311-EC55-4433-A058-A2130DC8DD97}.Release|x64.ActiveCfg = Release|x64
		{2C66A311-EC55-4433-A058-A2130DC8DD97}.Release|x64.Build.0 = Release|x64
		{2C66A311-EC55-4433-A058-A2130DC8DD97}.Release|x86.ActiveCfg = Release|Win32
		{2C66A311-EC55-4433-A058-A2130DC8DD97}.Release|x86.Build.0 = Release|Win32
		{74165F98-B88D-4E7A-B2B9-49F625A67E22}.Debug|x64.ActiveCfg = Debug|x64
		{74165F98-B88D-4E7A-B2B9-49F625A67E22}.Debug|x64.Build.0 = Debug|x64
		{74165F98-B88D-4E7A-B2B9-49F625A67E22}.Debug|x86.ActiveCfg = Debug|Win32
		{74165F98-B88D-4E7A-B2B9-49F625A67E22}.Debug|x86.Build.0 = Debug|Win32
		{74165F98-B88D-4E7A-B2B9-49F625A67E22}.Release|x64.ActiveCfg = Release|x64
		{74165F98-B88D-4E7A-B2B9-49F625A67E22}.Release|x64.Build.0 = Release|x64
		{74165F98-B88D-4E7A-B2B9-49F625A67E22}.Release|x86.ActiveCfg = Release|Win32
		{74165F98-B88D-4E7A-B2B9-49F625A67E22}.Release|x86.Build.0 = Release|Win32
		{37CD7281-39A3-489E-BE07-EBD05C4D423A}.Debug|x64.ActiveCfg = Debug|x64
		{37CD7281-39A3-489E-BE07-EBD05C4D423A}.Debug|x64.Build.0 = Debug|x64
		{37CD7281-39A3-489E-BE07-EBD05C4D423A}.Debug|x86.ActiveCfg = Debug|Win32
		{37CD7281-39A3-489E-BE07-EBD05C4D423A}.Debug|x86.Build.0 = Debug|Win32
		{37CD7281-39A3-489E-BE07-EBD05C4D423A}.Release|x64.ActiveCfg = Release|x64
		{37CD7281-39A3-489E-BE07-EBD05C4D423A}.Release|x64.Build.0 = Release|x64
		{37CD7281-39A3-489E-BE07-EBD05C4D423A}.Release|x86.ActiveCfg = Release|Win32
		{37CD7281-39A3-489E-BE07-EBD05C4D423A}.Release|x86.Build.0 = Release|Win32
		{F4E11318-3EEE-49C3-87B8-6BBE1E06841F}.Debug|x64.ActiveCfg = Debug|x64
		{F4E11318-3EEE-49C3-87B8-6BBE1E06841F}.Debug|x64.Build.0 = Debug|x64
		{F4E11318-3EEE-49C3-87B8-6BBE1E06841F}.Debug|x86.ActiveCfg = Debug|Win32
		{F4E11318-3EEE-49C3-87B8-6BBE1E06841F}.Debug|x86.Build.0 = Debug|Win32
		{F4E11318-3EEE-49C3-87B8-6BBE1E06841F}.Release|x64.ActiveCfg = Release|x64
		{F4E11318-3EEE-49C3-87B8-6BBE1E06841F}.Release|x64.Build.0 = Release|x64
		{F4E11318-3EEE-49C3-87B8-6BBE1E06841F}.Release|x86.ActiveCfg = Release|Win32
		{F4E11318-3EEE-49C3-87B8-6BBE1E06841F}.Release|x86.Build.0 = Release|Win32
	EndGlobalSection
	GlobalSection(SolutionProperties) = preSolution
		HideSolutionNode = FALSE
	EndGlobalSection
	GlobalSection(ExtensibilityGlobals) = postSolution
		SolutionGuid = {8E013671-1225-4BD5-8C70-7289CE66A9C9}
	EndGlobalSection
EndGlobal
