
Microsoft Visual Studio Solution File, Format Version 12.00
# Visual Studio 15
VisualStudioVersion = 15.0.28307.106
MinimumVisualStudioVersion = 10.0.40219.1
Project("{8BC9CEB8-8B4A-11D0-8D11-00A0C91BC942}") = "Selection Sort", "Selection Sort\Selection Sort.vcxproj", "{2C66A311-EC55-4433-A058-A2130DC8DD97}"
EndProject
Project("{8BC9CEB8-8B4A-11D0-8D11-00A0C91BC942}") = "Bubble Sort", "Bubble Sort\Bubble Sort.vcxproj", "{74165F98-B88D-4E7A-B2B9-49F625A67E22}"
EndProject
Project("{8BC9CEB8-8B4A-11D0-8D11-00A0C91BC942}") = "InsertionSort", "InsertionSort\InsertionSort.vcxproj", "{37CD7281-39A3-489E-BE07-EBD05C4D423A}"
EndProject
Project("{8BC9CEB8-8B4A-11D0-8D11-00A0C91BC942}") = "Quick Sort", "Quick Sort\Quick Sort.vcxproj", "{F4E11318-3EEE-49C3-87B8-6BBE1E06841F}"
EndProject
Project("{8BC9CEB8-8B4A-11D0-8D11-00A0C91BC942}") = "Merge Sort", "Merge Sort\Merge Sort.vcxproj", "{DC0F6326-FD2A-4345-B7C6-768EE97B003B}"
EndProject
Project("{8BC9CEB8-8B4A-11D0-8D11-00A0C91BC942}") = "C++ STL sort", "C++ STL sort\C++ STL sort.vcxproj", "{F9E9EC5E-2F8C-421F-9541-5EBFFAE0A28F}"
EndProject
Project("{8BC9CEB8-8B4A-11D0-8D11-00A0C91BC942}") = "C++ STL sort2", "C++ STL sort2\C++ STL sort2.vcxproj", "{287D8A80-FA17-4B88-A12A-E46C33E8808E}"
EndProject
Project("{8BC9CEB8-8B4A-11D0-8D11-00A0C91BC942}") = "Heap Sort", "Heap Sort\Heap Sort.vcxproj", "{B72D854D-DA22-4B57-AAD8-0925E144D2CE}"
EndProject
Project("{8BC9CEB8-8B4A-11D0-8D11-00A0C91BC942}") = "Counting Sort", "Counting Sort\Counting Sort.vcxproj", "{63BC57F9-5051-479F-9FE8-3940060A0490}"
EndProject
Global
	GlobalSection(SolutionConfigurationPlatforms) = preSolution
		Debug|x64 = Debug|x64
		Debug|x86 = Debug|x86
		Release|x64 = Release|x64
		Release|x86 = Release|x86
	EndGlobalSection
	GlobalSection(ProjectConfigurationPlatforms) = postSolution
		{2C66A311-EC55-4433-A058-A2130DC8DD97}.Debug|x64.ActiveCfg = Debug|x64
		{2C66A311-EC55-4433-A058-A2130DC8DD97}.Debug|x64.Build.0 = Debug|x64
		{2C66A311-EC55-4433-A058-A2130DC8DD97}.Debug|x86.ActiveCfg = Debug|Win32
		{2C66A311-EC55-4433-A058-A2130DC8DD97}.Debug|x86.Build.0 = Debug|Win32
		{2C66A311-EC55-4433-A058-A2130DC8DD97}.Release|x64.ActiveCfg = Release|x64
		{2C66A311-EC55-4433-A058-A2130DC8DD97}.Release|x64.Build.0 = Release|x64
		{2C66A311-EC55-4433-A058-A2130DC8DD97}.Release|x86.ActiveCfg = Release|Win32
		{2C66A311-EC55-4433-A058-A2130DC8DD97}.Release|x86.Build.0 = Release|Win32
		{74165F98-B88D-4E7A-B2B9-49F625A67E22}.Debug|x64.ActiveCfg = Debug|x64
		{74165F98-B88D-4E7A-B2B9-49F625A67E22}.Debug|x64.Build.0 = Debug|x64
		{74165F98-B88D-4E7A-B2B9-49F625A67E22}.Debug|x86.ActiveCfg = Debug|Win32
		{74165F98-B88D-4E7A-B2B9-49F625A67E22}.Debug|x86.Build.0 = Debug|Win32
		{74165F98-B88D-4E7A-B2B9-49F625A67E22}.Release|x64.ActiveCfg = Release|x64
		{74165F98-B88D-4E7A-B2B9-49F625A67E22}.Release|x64.Build.0 = Release|x64
		{74165F98-B88D-4E7A-B2B9-49F625A67E22}.Release|x86.ActiveCfg = Release|Win32
		{74165F98-B88D-4E7A-B2B9-49F625A67E22}.Release|x86.Build.0 = Release|Win32
		{37CD7281-39A3-489E-BE07-EBD05C4D423A}.Debug|x64.ActiveCfg = Debug|x64
		{37CD7281-39A3-489E-BE07-EBD05C4D423A}.Debug|x64.Build.0 = Debug|x64
		{37CD7281-39A3-489E-BE07-EBD05C4D423A}.Debug|x86.ActiveCfg = Debug|Win32
		{37CD7281-39A3-489E-BE07-EBD05C4D423A}.Debug|x86.Build.0 = Debug|Win32
		{37CD7281-39A3-489E-BE07-EBD05C4D423A}.Release|x64.ActiveCfg = Release|x64
		{37CD7281-39A3-489E-BE07-EBD05C4D423A}.Release|x64.Build.0 = Release|x64
		{37CD7281-39A3-489E-BE07-EBD05C4D423A}.Release|x86.ActiveCfg = Release|Win32
		{37CD7281-39A3-489E-BE07-EBD05C4D423A}.Release|x86.Build.0 = Release|Win32
		{F4E11318-3EEE-49C3-87B8-6BBE1E06841F}.Debug|x64.ActiveCfg = Debug|x64
		{F4E11318-3EEE-49C3-87B8-6BBE1E06841F}.Debug|x64.Build.0 = Debug|x64
		{F4E11318-3EEE-49C3-87B8-6BBE1E06841F}.Debug|x86.ActiveCfg = Debug|Win32
		{F4E11318-3EEE-49C3-87B8-6BBE1E06841F}.Debug|x86.Build.0 = Debug|Win32
		{F4E11318-3EEE-49C3-87B8-6BBE1E06841F}.Release|x64.ActiveCfg = Release|x64
		{F4E11318-3EEE-49C3-87B8-6BBE1E06841F}.Release|x64.Build.0 = Release|x64
		{F4E11318-3EEE-49C3-87B8-6BBE1E06841F}.Release|x86.ActiveCfg = Release|Win32
		{F4E11318-3EEE-49C3-87B8-6BBE1E06841F}.Release|x86.Build.0 = Release|Win32
		{DC0F6326-FD2A-4345-B7C6-768EE97B003B}.Debug|x64.ActiveCfg = Debug|x64
		{DC0F6326-FD2A-4345-B7C6-768EE97B003B}.Debug|x64.Build.0 = Debug|x64
		{DC0F6326-FD2A-4345-B7C6-768EE97B003B}.Debug|x86.ActiveCfg = Debug|Win32
		{DC0F6326-FD2A-4345-B7C6-768EE97B003B}.Debug|x86.Build.0 = Debug|Win32
		{DC0F6326-FD2A-4345-B7C6-768EE97B003B}.Release|x64.ActiveCfg = Release|x64
		{DC0F6326-FD2A-4345-B7C6-768EE97B003B}.Release|x64.Build.0 = Release|x64
		{DC0F6326-FD2A-4345-B7C6-768EE97B003B}.Release|x86.ActiveCfg = Release|Win32
		{DC0F6326-FD2A-4345-B7C6-768EE97B003B}.Release|x86.Build.0 = Release|Win32
		{F9E9EC5E-2F8C-421F-9541-5EBFFAE0A28F}.Debug|x64.ActiveCfg = Debug|x64
		{F9E9EC5E-2F8C-421F-9541-5EBFFAE0A28F}.Debug|x64.Build.0 = Debug|x64
		{F9E9EC5E-2F8C-421F-9541-5EBFFAE0A28F}.Debug|x86.ActiveCfg = Debug|Win32
		{F9E9EC5E-2F8C-421F-9541-5EBFFAE0A28F}.Debug|x86.Build.0 = Debug|Win32
		{F9E9EC5E-2F8C-421F-9541-5EBFFAE0A28F}.Release|x64.ActiveCfg = Release|x64
		{F9E9EC5E-2F8C-421F-9541-5EBFFAE0A28F}.Release|x64.Build.0 = Release|x64
		{F9E9EC5E-2F8C-421F-9541-5EBFFAE0A28F}.Release|x86.ActiveCfg = Release|Win32
		{F9E9EC5E-2F8C-421F-9541-5EBFFAE0A28F}.Release|x86.Build.0 = Release|Win32
		{287D8A80-FA17-4B88-A12A-E46C33E8808E}.Debug|x64.ActiveCfg = Debug|x64
		{287D8A80-FA17-4B88-A12A-E46C33E8808E}.Debug|x64.Build.0 = Debug|x64
		{287D8A80-FA17-4B88-A12A-E46C33E8808E}.Debug|x86.ActiveCfg = Debug|Win32
		{287D8A80-FA17-4B88-A12A-E46C33E8808E}.Debug|x86.Build.0 = Debug|Win32
		{287D8A80-FA17-4B88-A12A-E46C33E8808E}.Release|x64.ActiveCfg = Release|x64
		{287D8A80-FA17-4B88-A12A-E46C33E8808E}.Release|x64.Build.0 = Release|x64
		{287D8A80-FA17-4B88-A12A-E46C33E8808E}.Release|x86.ActiveCfg = Release|Win32
		{287D8A80-FA17-4B88-A12A-E46C33E8808E}.Release|x86.Build.0 = Release|Win32
		{B72D854D-DA22-4B57-AAD8-0925E144D2CE}.Debug|x64.ActiveCfg = Debug|x64
		{B72D854D-DA22-4B57-AAD8-0925E144D2CE}.Debug|x64.Build.0 = Debug|x64
		{B72D854D-DA22-4B57-AAD8-0925E144D2CE}.Debug|x86.ActiveCfg = Debug|Win32
		{B72D854D-DA22-4B57-AAD8-0925E144D2CE}.Debug|x86.Build.0 = Debug|Win32
		{B72D854D-DA22-4B57-AAD8-0925E144D2CE}.Release|x64.ActiveCfg = Release|x64
		{B72D854D-DA22-4B57-AAD8-0925E144D2CE}.Release|x64.Build.0 = Release|x64
		{B72D854D-DA22-4B57-AAD8-0925E144D2CE}.Release|x86.ActiveCfg = Release|Win32
		{B72D854D-DA22-4B57-AAD8-0925E144D2CE}.Release|x86.Build.0 = Release|Win32
		{63BC57F9-5051-479F-9FE8-3940060A0490}.Debug|x64.ActiveCfg = Debug|x64
		{63BC57F9-5051-479F-9FE8-3940060A0490}.Debug|x64.Build.0 = Debug|x64
		{63BC57F9-5051-479F-9FE8-3940060A0490}.Debug|x86.ActiveCfg = Debug|Win32
		{63BC57F9-5051-479F-9FE8-3940060A0490}.Debug|x86.Build.0 = Debug|Win32
		{63BC57F9-5051-479F-9FE8-3940060A0490}.Release|x64.ActiveCfg = Release|x64
		{63BC57F9-5051-479F-9FE8-3940060A0490}.Release|x64.Build.0 = Release|x64
		{63BC57F9-5051-479F-9FE8-3940060A0490}.Release|x86.ActiveCfg = Release|Win32
		{63BC57F9-5051-479F-9FE8-3940060A0490}.Release|x86.Build.0 = Release|Win32
	EndGlobalSection
	GlobalSection(SolutionProperties) = preSolution
		HideSolutionNode = FALSE
	EndGlobalSection
	GlobalSection(ExtensibilityGlobals) = postSolution
		SolutionGuid = {8E013671-1225-4BD5-8C70-7289CE66A9C9}
	EndGlobalSection
EndGlobal
