
Microsoft Visual Studio Solution File, Format Version 12.00
# Visual Studio 15
VisualStudioVersion = 15.0.28307.106
MinimumVisualStudioVersion = 10.0.40219.1
Project("{8BC9CEB8-8B4A-11D0-8D11-00A0C91BC942}") = "001", "code_Up_100\code_Up_100.vcxproj", "{CFF85603-EBCF-4693-97D8-B6E6CDE889F9}"
EndProject
Project("{8BC9CEB8-8B4A-11D0-8D11-00A0C91BC942}") = "002", "002\002.vcxproj", "{E6DB2EEC-A86B-42F0-884A-8E0D830BD4BF}"
EndProject
Project("{8BC9CEB8-8B4A-11D0-8D11-00A0C91BC942}") = "003", "003\003.vcxproj", "{C8594ACC-6042-45F7-A2CE-4CA8322FBAD2}"
EndProject
Project("{8BC9CEB8-8B4A-11D0-8D11-00A0C91BC942}") = "004", "004\004.vcxproj", "{899831C6-E938-4A29-BC16-8C8280464581}"
EndProject
Project("{8BC9CEB8-8B4A-11D0-8D11-00A0C91BC942}") = "005", "005\005.vcxproj", "{98F4F2C2-AFEE-454D-9CE4-29644E0F5D47}"
EndProject
Project("{8BC9CEB8-8B4A-11D0-8D11-00A0C91BC942}") = "006", "006\006.vcxproj", "{0D2BE93F-3A8E-4455-A0BD-9EA523B7FEE0}"
EndProject
Project("{8BC9CEB8-8B4A-11D0-8D11-00A0C91BC942}") = "007", "007\007.vcxproj", "{7A0D8B78-0ECD-40C0-9E9D-B7A2A3A51E65}"
EndProject
Project("{8BC9CEB8-8B4A-11D0-8D11-00A0C91BC942}") = "010", "010\010.vcxproj", "{1BCB9DCF-6D6A-48CD-8D5C-A110C84B141B}"
EndProject
Project("{8BC9CEB8-8B4A-11D0-8D11-00A0C91BC942}") = "011", "011\011.vcxproj", "{84AD1C1A-B2E0-4FE2-80F7-C5E408109687}"
EndProject
Project("{8BC9CEB8-8B4A-11D0-8D11-00A0C91BC942}") = "012", "012\012.vcxproj", "{6E9BE648-B1D9-4412-92C9-4080934B2CCC}"
EndProject
Project("{8BC9CEB8-8B4A-11D0-8D11-00A0C91BC942}") = "013", "013\013.vcxproj", "{EFEBBF68-EB15-42BB-B4AA-92927FD56509}"
EndProject
Project("{8BC9CEB8-8B4A-11D0-8D11-00A0C91BC942}") = "014", "014\014.vcxproj", "{E559E2FF-427E-4CB7-9B40-B94403DBD072}"
EndProject
Project("{8BC9CEB8-8B4A-11D0-8D11-00A0C91BC942}") = "015", "015\015.vcxproj", "{60EAF08C-4A6E-48AA-947F-B555C8E1DC1E}"
EndProject
Project("{8BC9CEB8-8B4A-11D0-8D11-00A0C91BC942}") = "017", "017\017.vcxproj", "{C2A644DB-414E-43DD-948C-8A17F0234ABB}"
EndProject
Project("{8BC9CEB8-8B4A-11D0-8D11-00A0C91BC942}") = "018", "018\018.vcxproj", "{1E23EB71-5A99-4D5F-806A-C73F17A284D8}"
EndProject
Project("{8BC9CEB8-8B4A-11D0-8D11-00A0C91BC942}") = "020", "020\020.vcxproj", "{DAD69477-DC13-4C2B-B10C-6B5CE5476198}"
EndProject
Project("{8BC9CEB8-8B4A-11D0-8D11-00A0C91BC942}") = "019", "019\019.vcxproj", "{14D46A10-5304-41C6-B2C2-F3BDCF42B695}"
EndProject
Project("{8BC9CEB8-8B4A-11D0-8D11-00A0C91BC942}") = "021", "021\021.vcxproj", "{F4CC8CA7-6226-4A1A-8C19-2F75591A36E7}"
EndProject
Project("{8BC9CEB8-8B4A-11D0-8D11-00A0C91BC942}") = "022", "022\022.vcxproj", "{D5BAAB60-6FBD-4AF6-9F9E-3A290B74798A}"
EndProject
Project("{8BC9CEB8-8B4A-11D0-8D11-00A0C91BC942}") = "023", "023\023.vcxproj", "{E48FDD06-F9FC-4370-AD82-4780B796DBE5}"
EndProject
Project("{8BC9CEB8-8B4A-11D0-8D11-00A0C91BC942}") = "024", "024\024.vcxproj", "{89E7DC6E-271F-41CF-A093-E496137582B2}"
EndProject
Project("{8BC9CEB8-8B4A-11D0-8D11-00A0C91BC942}") = "025", "025\025.vcxproj", "{BD08BA8F-A2C2-4DE5-9D28-6E9A23265725}"
EndProject
Project("{8BC9CEB8-8B4A-11D0-8D11-00A0C91BC942}") = "026", "026\026.vcxproj", "{05CD6A0C-9291-474D-ACF5-34823AB92FC7}"
EndProject
Project("{8BC9CEB8-8B4A-11D0-8D11-00A0C91BC942}") = "027", "027\027.vcxproj", "{9F2D3A2F-C7E7-4E6C-A2C5-260BF73130D8}"
EndProject
Project("{8BC9CEB8-8B4A-11D0-8D11-00A0C91BC942}") = "028", "028\028.vcxproj", "{BCB57774-1A65-460B-89D4-43724B7554D7}"
EndProject
Project("{8BC9CEB8-8B4A-11D0-8D11-00A0C91BC942}") = "029", "029\029.vcxproj", "{354372BC-F043-4593-A6D4-DF463C348633}"
EndProject
Project("{8BC9CEB8-8B4A-11D0-8D11-00A0C91BC942}") = "030", "030\030.vcxproj", "{32A3909F-9759-4A60-AF98-8826C74A6591}"
EndProject
Project("{8BC9CEB8-8B4A-11D0-8D11-00A0C91BC942}") = "031", "031\031.vcxproj", "{14D6090B-16C3-439B-BE05-26141B010DEE}"
EndProject
Project("{8BC9CEB8-8B4A-11D0-8D11-00A0C91BC942}") = "032", "032\032.vcxproj", "{2BC4E371-6AF3-4FD6-B47B-E9077431FA01}"
EndProject
Project("{8BC9CEB8-8B4A-11D0-8D11-00A0C91BC942}") = "033", "033\033.vcxproj", "{92B3D019-B092-47D0-AAE0-29E1C4EC3A21}"
EndProject
Project("{8BC9CEB8-8B4A-11D0-8D11-00A0C91BC942}") = "034", "034\034.vcxproj", "{72A94255-FB4B-4B51-9709-16F4A098BFEF}"
EndProject
Project("{8BC9CEB8-8B4A-11D0-8D11-00A0C91BC942}") = "035", "035\035.vcxproj", "{47D13478-B377-4C6F-95EB-3288C58800F5}"
EndProject
Project("{8BC9CEB8-8B4A-11D0-8D11-00A0C91BC942}") = "036", "036\036.vcxproj", "{ABC4F3DE-79FE-45A2-9BEA-D1F3411D41F6}"
EndProject
Project("{8BC9CEB8-8B4A-11D0-8D11-00A0C91BC942}") = "037", "037\037.vcxproj", "{71D23C15-4844-4587-B17B-A8A98F46BD5F}"
EndProject
Project("{8BC9CEB8-8B4A-11D0-8D11-00A0C91BC942}") = "038", "038\038.vcxproj", "{ADED38D1-0220-4C86-8946-A70D0FB00BEE}"
EndProject
Project("{8BC9CEB8-8B4A-11D0-8D11-00A0C91BC942}") = "039", "039\039.vcxproj", "{7E330064-B32E-49B6-BBB3-AB8C7DDE4BB2}"
EndProject
Project("{8BC9CEB8-8B4A-11D0-8D11-00A0C91BC942}") = "040", "040\040.vcxproj", "{1749BFAF-2740-4711-BC46-4993D2625F89}"
EndProject
Project("{8BC9CEB8-8B4A-11D0-8D11-00A0C91BC942}") = "041", "041\041.vcxproj", "{E6EFE097-9A8D-4EC4-8B70-81436A02F39B}"
EndProject
Project("{8BC9CEB8-8B4A-11D0-8D11-00A0C91BC942}") = "042", "042\042.vcxproj", "{40480886-CC8A-430D-B2A7-A69844328A34}"
EndProject
Project("{8BC9CEB8-8B4A-11D0-8D11-00A0C91BC942}") = "043", "043\043.vcxproj", "{CA009CAE-F316-4A9F-A431-FA2EE898D782}"
EndProject
Project("{8BC9CEB8-8B4A-11D0-8D11-00A0C91BC942}") = "044", "044\044.vcxproj", "{C15FCBC2-D0E9-4022-95B9-3EE002B8330C}"
EndProject
Project("{8BC9CEB8-8B4A-11D0-8D11-00A0C91BC942}") = "045", "045\045.vcxproj", "{75681724-A52E-4D83-B8F3-29AB0A9814AB}"
EndProject
Project("{8BC9CEB8-8B4A-11D0-8D11-00A0C91BC942}") = "046", "046\046.vcxproj", "{01470495-A6B7-450D-85DE-2820C599FE68}"
EndProject
Project("{8BC9CEB8-8B4A-11D0-8D11-00A0C91BC942}") = "047", "047\047.vcxproj", "{41CF74F7-A87A-4E14-8FD0-F74E80A902D8}"
EndProject
Project("{8BC9CEB8-8B4A-11D0-8D11-00A0C91BC942}") = "048", "048\048.vcxproj", "{9E21ABE5-5B97-4BAE-ADEA-B8F272376640}"
EndProject
Project("{8BC9CEB8-8B4A-11D0-8D11-00A0C91BC942}") = "049", "049\049.vcxproj", "{7E00A75E-979A-415F-805F-FB5577202B1B}"
EndProject
Project("{8BC9CEB8-8B4A-11D0-8D11-00A0C91BC942}") = "050", "050\050.vcxproj", "{5ABAAB89-29FF-43E4-8E2E-DAB0534FCD35}"
EndProject
Project("{8BC9CEB8-8B4A-11D0-8D11-00A0C91BC942}") = "051", "051\051.vcxproj", "{E8B23B3C-BF79-4A97-98EF-B0370D20AF18}"
EndProject
Project("{8BC9CEB8-8B4A-11D0-8D11-00A0C91BC942}") = "052", "052\052.vcxproj", "{807DED93-B98B-4C87-85A0-D02866B2C0AF}"
EndProject
Project("{8BC9CEB8-8B4A-11D0-8D11-00A0C91BC942}") = "053", "053\053.vcxproj", "{98C28CBA-25B8-44A7-A888-57D9A0AC2CD4}"
EndProject
Global
	GlobalSection(SolutionConfigurationPlatforms) = preSolution
		Debug|x64 = Debug|x64
		Debug|x86 = Debug|x86
		Release|x64 = Release|x64
		Release|x86 = Release|x86
	EndGlobalSection
	GlobalSection(ProjectConfigurationPlatforms) = postSolution
		{CFF85603-EBCF-4693-97D8-B6E6CDE889F9}.Debug|x64.ActiveCfg = Debug|x64
		{CFF85603-EBCF-4693-97D8-B6E6CDE889F9}.Debug|x64.Build.0 = Debug|x64
		{CFF85603-EBCF-4693-97D8-B6E6CDE889F9}.Debug|x86.ActiveCfg = Debug|Win32
		{CFF85603-EBCF-4693-97D8-B6E6CDE889F9}.Debug|x86.Build.0 = Debug|Win32
		{CFF85603-EBCF-4693-97D8-B6E6CDE889F9}.Release|x64.ActiveCfg = Release|x64
		{CFF85603-EBCF-4693-97D8-B6E6CDE889F9}.Release|x64.Build.0 = Release|x64
		{CFF85603-EBCF-4693-97D8-B6E6CDE889F9}.Release|x86.ActiveCfg = Release|Win32
		{CFF85603-EBCF-4693-97D8-B6E6CDE889F9}.Release|x86.Build.0 = Release|Win32
		{E6DB2EEC-A86B-42F0-884A-8E0D830BD4BF}.Debug|x64.ActiveCfg = Debug|x64
		{E6DB2EEC-A86B-42F0-884A-8E0D830BD4BF}.Debug|x64.Build.0 = Debug|x64
		{E6DB2EEC-A86B-42F0-884A-8E0D830BD4BF}.Debug|x86.ActiveCfg = Debug|Win32
		{E6DB2EEC-A86B-42F0-884A-8E0D830BD4BF}.Debug|x86.Build.0 = Debug|Win32
		{E6DB2EEC-A86B-42F0-884A-8E0D830BD4BF}.Release|x64.ActiveCfg = Release|x64
		{E6DB2EEC-A86B-42F0-884A-8E0D830BD4BF}.Release|x64.Build.0 = Release|x64
		{E6DB2EEC-A86B-42F0-884A-8E0D830BD4BF}.Release|x86.ActiveCfg = Release|Win32
		{E6DB2EEC-A86B-42F0-884A-8E0D830BD4BF}.Release|x86.Build.0 = Release|Win32
		{C8594ACC-6042-45F7-A2CE-4CA8322FBAD2}.Debug|x64.ActiveCfg = Debug|x64
		{C8594ACC-6042-45F7-A2CE-4CA8322FBAD2}.Debug|x64.Build.0 = Debug|x64
		{C8594ACC-6042-45F7-A2CE-4CA8322FBAD2}.Debug|x86.ActiveCfg = Debug|Win32
		{C8594ACC-6042-45F7-A2CE-4CA8322FBAD2}.Debug|x86.Build.0 = Debug|Win32
		{C8594ACC-6042-45F7-A2CE-4CA8322FBAD2}.Release|x64.ActiveCfg = Release|x64
		{C8594ACC-6042-45F7-A2CE-4CA8322FBAD2}.Release|x64.Build.0 = Release|x64
		{C8594ACC-6042-45F7-A2CE-4CA8322FBAD2}.Release|x86.ActiveCfg = Release|Win32
		{C8594ACC-6042-45F7-A2CE-4CA8322FBAD2}.Release|x86.Build.0 = Release|Win32
		{899831C6-E938-4A29-BC16-8C8280464581}.Debug|x64.ActiveCfg = Debug|x64
		{899831C6-E938-4A29-BC16-8C8280464581}.Debug|x64.Build.0 = Debug|x64
		{899831C6-E938-4A29-BC16-8C8280464581}.Debug|x86.ActiveCfg = Debug|Win32
		{899831C6-E938-4A29-BC16-8C8280464581}.Debug|x86.Build.0 = Debug|Win32
		{899831C6-E938-4A29-BC16-8C8280464581}.Release|x64.ActiveCfg = Release|x64
		{899831C6-E938-4A29-BC16-8C8280464581}.Release|x64.Build.0 = Release|x64
		{899831C6-E938-4A29-BC16-8C8280464581}.Release|x86.ActiveCfg = Release|Win32
		{899831C6-E938-4A29-BC16-8C8280464581}.Release|x86.Build.0 = Release|Win32
		{98F4F2C2-AFEE-454D-9CE4-29644E0F5D47}.Debug|x64.ActiveCfg = Debug|x64
		{98F4F2C2-AFEE-454D-9CE4-29644E0F5D47}.Debug|x64.Build.0 = Debug|x64
		{98F4F2C2-AFEE-454D-9CE4-29644E0F5D47}.Debug|x86.ActiveCfg = Debug|Win32
		{98F4F2C2-AFEE-454D-9CE4-29644E0F5D47}.Debug|x86.Build.0 = Debug|Win32
		{98F4F2C2-AFEE-454D-9CE4-29644E0F5D47}.Release|x64.ActiveCfg = Release|x64
		{98F4F2C2-AFEE-454D-9CE4-29644E0F5D47}.Release|x64.Build.0 = Release|x64
		{98F4F2C2-AFEE-454D-9CE4-29644E0F5D47}.Release|x86.ActiveCfg = Release|Win32
		{98F4F2C2-AFEE-454D-9CE4-29644E0F5D47}.Release|x86.Build.0 = Release|Win32
		{0D2BE93F-3A8E-4455-A0BD-9EA523B7FEE0}.Debug|x64.ActiveCfg = Debug|x64
		{0D2BE93F-3A8E-4455-A0BD-9EA523B7FEE0}.Debug|x64.Build.0 = Debug|x64
		{0D2BE93F-3A8E-4455-A0BD-9EA523B7FEE0}.Debug|x86.ActiveCfg = Debug|Win32
		{0D2BE93F-3A8E-4455-A0BD-9EA523B7FEE0}.Debug|x86.Build.0 = Debug|Win32
		{0D2BE93F-3A8E-4455-A0BD-9EA523B7FEE0}.Release|x64.ActiveCfg = Release|x64
		{0D2BE93F-3A8E-4455-A0BD-9EA523B7FEE0}.Release|x64.Build.0 = Release|x64
		{0D2BE93F-3A8E-4455-A0BD-9EA523B7FEE0}.Release|x86.ActiveCfg = Release|Win32
		{0D2BE93F-3A8E-4455-A0BD-9EA523B7FEE0}.Release|x86.Build.0 = Release|Win32
		{7A0D8B78-0ECD-40C0-9E9D-B7A2A3A51E65}.Debug|x64.ActiveCfg = Debug|x64
		{7A0D8B78-0ECD-40C0-9E9D-B7A2A3A51E65}.Debug|x64.Build.0 = Debug|x64
		{7A0D8B78-0ECD-40C0-9E9D-B7A2A3A51E65}.Debug|x86.ActiveCfg = Debug|Win32
		{7A0D8B78-0ECD-40C0-9E9D-B7A2A3A51E65}.Debug|x86.Build.0 = Debug|Win32
		{7A0D8B78-0ECD-40C0-9E9D-B7A2A3A51E65}.Release|x64.ActiveCfg = Release|x64
		{7A0D8B78-0ECD-40C0-9E9D-B7A2A3A51E65}.Release|x64.Build.0 = Release|x64
		{7A0D8B78-0ECD-40C0-9E9D-B7A2A3A51E65}.Release|x86.ActiveCfg = Release|Win32
		{7A0D8B78-0ECD-40C0-9E9D-B7A2A3A51E65}.Release|x86.Build.0 = Release|Win32
		{1BCB9DCF-6D6A-48CD-8D5C-A110C84B141B}.Debug|x64.ActiveCfg = Debug|x64
		{1BCB9DCF-6D6A-48CD-8D5C-A110C84B141B}.Debug|x64.Build.0 = Debug|x64
		{1BCB9DCF-6D6A-48CD-8D5C-A110C84B141B}.Debug|x86.ActiveCfg = Debug|Win32
		{1BCB9DCF-6D6A-48CD-8D5C-A110C84B141B}.Debug|x86.Build.0 = Debug|Win32
		{1BCB9DCF-6D6A-48CD-8D5C-A110C84B141B}.Release|x64.ActiveCfg = Release|x64
		{1BCB9DCF-6D6A-48CD-8D5C-A110C84B141B}.Release|x64.Build.0 = Release|x64
		{1BCB9DCF-6D6A-48CD-8D5C-A110C84B141B}.Release|x86.ActiveCfg = Release|Win32
		{1BCB9DCF-6D6A-48CD-8D5C-A110C84B141B}.Release|x86.Build.0 = Release|Win32
		{84AD1C1A-B2E0-4FE2-80F7-C5E408109687}.Debug|x64.ActiveCfg = Debug|x64
		{84AD1C1A-B2E0-4FE2-80F7-C5E408109687}.Debug|x64.Build.0 = Debug|x64
		{84AD1C1A-B2E0-4FE2-80F7-C5E408109687}.Debug|x86.ActiveCfg = Debug|Win32
		{84AD1C1A-B2E0-4FE2-80F7-C5E408109687}.Debug|x86.Build.0 = Debug|Win32
		{84AD1C1A-B2E0-4FE2-80F7-C5E408109687}.Release|x64.ActiveCfg = Release|x64
		{84AD1C1A-B2E0-4FE2-80F7-C5E408109687}.Release|x64.Build.0 = Release|x64
		{84AD1C1A-B2E0-4FE2-80F7-C5E408109687}.Release|x86.ActiveCfg = Release|Win32
		{84AD1C1A-B2E0-4FE2-80F7-C5E408109687}.Release|x86.Build.0 = Release|Win32
		{6E9BE648-B1D9-4412-92C9-4080934B2CCC}.Debug|x64.ActiveCfg = Debug|x64
		{6E9BE648-B1D9-4412-92C9-4080934B2CCC}.Debug|x64.Build.0 = Debug|x64
		{6E9BE648-B1D9-4412-92C9-4080934B2CCC}.Debug|x86.ActiveCfg = Debug|Win32
		{6E9BE648-B1D9-4412-92C9-4080934B2CCC}.Debug|x86.Build.0 = Debug|Win32
		{6E9BE648-B1D9-4412-92C9-4080934B2CCC}.Release|x64.ActiveCfg = Release|x64
		{6E9BE648-B1D9-4412-92C9-4080934B2CCC}.Release|x64.Build.0 = Release|x64
		{6E9BE648-B1D9-4412-92C9-4080934B2CCC}.Release|x86.ActiveCfg = Release|Win32
		{6E9BE648-B1D9-4412-92C9-4080934B2CCC}.Release|x86.Build.0 = Release|Win32
		{EFEBBF68-EB15-42BB-B4AA-92927FD56509}.Debug|x64.ActiveCfg = Debug|x64
		{EFEBBF68-EB15-42BB-B4AA-92927FD56509}.Debug|x64.Build.0 = Debug|x64
		{EFEBBF68-EB15-42BB-B4AA-92927FD56509}.Debug|x86.ActiveCfg = Debug|Win32
		{EFEBBF68-EB15-42BB-B4AA-92927FD56509}.Debug|x86.Build.0 = Debug|Win32
		{EFEBBF68-EB15-42BB-B4AA-92927FD56509}.Release|x64.ActiveCfg = Release|x64
		{EFEBBF68-EB15-42BB-B4AA-92927FD56509}.Release|x64.Build.0 = Release|x64
		{EFEBBF68-EB15-42BB-B4AA-92927FD56509}.Release|x86.ActiveCfg = Release|Win32
		{EFEBBF68-EB15-42BB-B4AA-92927FD56509}.Release|x86.Build.0 = Release|Win32
		{E559E2FF-427E-4CB7-9B40-B94403DBD072}.Debug|x64.ActiveCfg = Debug|x64
		{E559E2FF-427E-4CB7-9B40-B94403DBD072}.Debug|x64.Build.0 = Debug|x64
		{E559E2FF-427E-4CB7-9B40-B94403DBD072}.Debug|x86.ActiveCfg = Debug|Win32
		{E559E2FF-427E-4CB7-9B40-B94403DBD072}.Debug|x86.Build.0 = Debug|Win32
		{E559E2FF-427E-4CB7-9B40-B94403DBD072}.Release|x64.ActiveCfg = Release|x64
		{E559E2FF-427E-4CB7-9B40-B94403DBD072}.Release|x64.Build.0 = Release|x64
		{E559E2FF-427E-4CB7-9B40-B94403DBD072}.Release|x86.ActiveCfg = Release|Win32
		{E559E2FF-427E-4CB7-9B40-B94403DBD072}.Release|x86.Build.0 = Release|Win32
		{60EAF08C-4A6E-48AA-947F-B555C8E1DC1E}.Debug|x64.ActiveCfg = Debug|x64
		{60EAF08C-4A6E-48AA-947F-B555C8E1DC1E}.Debug|x64.Build.0 = Debug|x64
		{60EAF08C-4A6E-48AA-947F-B555C8E1DC1E}.Debug|x86.ActiveCfg = Debug|Win32
		{60EAF08C-4A6E-48AA-947F-B555C8E1DC1E}.Debug|x86.Build.0 = Debug|Win32
		{60EAF08C-4A6E-48AA-947F-B555C8E1DC1E}.Release|x64.ActiveCfg = Release|x64
		{60EAF08C-4A6E-48AA-947F-B555C8E1DC1E}.Release|x64.Build.0 = Release|x64
		{60EAF08C-4A6E-48AA-947F-B555C8E1DC1E}.Release|x86.ActiveCfg = Release|Win32
		{60EAF08C-4A6E-48AA-947F-B555C8E1DC1E}.Release|x86.Build.0 = Release|Win32
		{C2A644DB-414E-43DD-948C-8A17F0234ABB}.Debug|x64.ActiveCfg = Debug|x64
		{C2A644DB-414E-43DD-948C-8A17F0234ABB}.Debug|x64.Build.0 = Debug|x64
		{C2A644DB-414E-43DD-948C-8A17F0234ABB}.Debug|x86.ActiveCfg = Debug|Win32
		{C2A644DB-414E-43DD-948C-8A17F0234ABB}.Debug|x86.Build.0 = Debug|Win32
		{C2A644DB-414E-43DD-948C-8A17F0234ABB}.Release|x64.ActiveCfg = Release|x64
		{C2A644DB-414E-43DD-948C-8A17F0234ABB}.Release|x64.Build.0 = Release|x64
		{C2A644DB-414E-43DD-948C-8A17F0234ABB}.Release|x86.ActiveCfg = Release|Win32
		{C2A644DB-414E-43DD-948C-8A17F0234ABB}.Release|x86.Build.0 = Release|Win32
		{1E23EB71-5A99-4D5F-806A-C73F17A284D8}.Debug|x64.ActiveCfg = Debug|x64
		{1E23EB71-5A99-4D5F-806A-C73F17A284D8}.Debug|x64.Build.0 = Debug|x64
		{1E23EB71-5A99-4D5F-806A-C73F17A284D8}.Debug|x86.ActiveCfg = Debug|Win32
		{1E23EB71-5A99-4D5F-806A-C73F17A284D8}.Debug|x86.Build.0 = Debug|Win32
		{1E23EB71-5A99-4D5F-806A-C73F17A284D8}.Release|x64.ActiveCfg = Release|x64
		{1E23EB71-5A99-4D5F-806A-C73F17A284D8}.Release|x64.Build.0 = Release|x64
		{1E23EB71-5A99-4D5F-806A-C73F17A284D8}.Release|x86.ActiveCfg = Release|Win32
		{1E23EB71-5A99-4D5F-806A-C73F17A284D8}.Release|x86.Build.0 = Release|Win32
		{DAD69477-DC13-4C2B-B10C-6B5CE5476198}.Debug|x64.ActiveCfg = Debug|x64
		{DAD69477-DC13-4C2B-B10C-6B5CE5476198}.Debug|x64.Build.0 = Debug|x64
		{DAD69477-DC13-4C2B-B10C-6B5CE5476198}.Debug|x86.ActiveCfg = Debug|Win32
		{DAD69477-DC13-4C2B-B10C-6B5CE5476198}.Debug|x86.Build.0 = Debug|Win32
		{DAD69477-DC13-4C2B-B10C-6B5CE5476198}.Release|x64.ActiveCfg = Release|x64
		{DAD69477-DC13-4C2B-B10C-6B5CE5476198}.Release|x64.Build.0 = Release|x64
		{DAD69477-DC13-4C2B-B10C-6B5CE5476198}.Release|x86.ActiveCfg = Release|Win32
		{DAD69477-DC13-4C2B-B10C-6B5CE5476198}.Release|x86.Build.0 = Release|Win32
		{14D46A10-5304-41C6-B2C2-F3BDCF42B695}.Debug|x64.ActiveCfg = Debug|x64
		{14D46A10-5304-41C6-B2C2-F3BDCF42B695}.Debug|x64.Build.0 = Debug|x64
		{14D46A10-5304-41C6-B2C2-F3BDCF42B695}.Debug|x86.ActiveCfg = Debug|Win32
		{14D46A10-5304-41C6-B2C2-F3BDCF42B695}.Debug|x86.Build.0 = Debug|Win32
		{14D46A10-5304-41C6-B2C2-F3BDCF42B695}.Release|x64.ActiveCfg = Release|x64
		{14D46A10-5304-41C6-B2C2-F3BDCF42B695}.Release|x64.Build.0 = Release|x64
		{14D46A10-5304-41C6-B2C2-F3BDCF42B695}.Release|x86.ActiveCfg = Release|Win32
		{14D46A10-5304-41C6-B2C2-F3BDCF42B695}.Release|x86.Build.0 = Release|Win32
		{F4CC8CA7-6226-4A1A-8C19-2F75591A36E7}.Debug|x64.ActiveCfg = Debug|x64
		{F4CC8CA7-6226-4A1A-8C19-2F75591A36E7}.Debug|x64.Build.0 = Debug|x64
		{F4CC8CA7-6226-4A1A-8C19-2F75591A36E7}.Debug|x86.ActiveCfg = Debug|Win32
		{F4CC8CA7-6226-4A1A-8C19-2F75591A36E7}.Debug|x86.Build.0 = Debug|Win32
		{F4CC8CA7-6226-4A1A-8C19-2F75591A36E7}.Release|x64.ActiveCfg = Release|x64
		{F4CC8CA7-6226-4A1A-8C19-2F75591A36E7}.Release|x64.Build.0 = Release|x64
		{F4CC8CA7-6226-4A1A-8C19-2F75591A36E7}.Release|x86.ActiveCfg = Release|Win32
		{F4CC8CA7-6226-4A1A-8C19-2F75591A36E7}.Release|x86.Build.0 = Release|Win32
		{D5BAAB60-6FBD-4AF6-9F9E-3A290B74798A}.Debug|x64.ActiveCfg = Debug|x64
		{D5BAAB60-6FBD-4AF6-9F9E-3A290B74798A}.Debug|x64.Build.0 = Debug|x64
		{D5BAAB60-6FBD-4AF6-9F9E-3A290B74798A}.Debug|x86.ActiveCfg = Debug|Win32
		{D5BAAB60-6FBD-4AF6-9F9E-3A290B74798A}.Debug|x86.Build.0 = Debug|Win32
		{D5BAAB60-6FBD-4AF6-9F9E-3A290B74798A}.Release|x64.ActiveCfg = Release|x64
		{D5BAAB60-6FBD-4AF6-9F9E-3A290B74798A}.Release|x64.Build.0 = Release|x64
		{D5BAAB60-6FBD-4AF6-9F9E-3A290B74798A}.Release|x86.ActiveCfg = Release|Win32
		{D5BAAB60-6FBD-4AF6-9F9E-3A290B74798A}.Release|x86.Build.0 = Release|Win32
		{E48FDD06-F9FC-4370-AD82-4780B796DBE5}.Debug|x64.ActiveCfg = Debug|x64
		{E48FDD06-F9FC-4370-AD82-4780B796DBE5}.Debug|x64.Build.0 = Debug|x64
		{E48FDD06-F9FC-4370-AD82-4780B796DBE5}.Debug|x86.ActiveCfg = Debug|Win32
		{E48FDD06-F9FC-4370-AD82-4780B796DBE5}.Debug|x86.Build.0 = Debug|Win32
		{E48FDD06-F9FC-4370-AD82-4780B796DBE5}.Release|x64.ActiveCfg = Release|x64
		{E48FDD06-F9FC-4370-AD82-4780B796DBE5}.Release|x64.Build.0 = Release|x64
		{E48FDD06-F9FC-4370-AD82-4780B796DBE5}.Release|x86.ActiveCfg = Release|Win32
		{E48FDD06-F9FC-4370-AD82-4780B796DBE5}.Release|x86.Build.0 = Release|Win32
		{89E7DC6E-271F-41CF-A093-E496137582B2}.Debug|x64.ActiveCfg = Debug|x64
		{89E7DC6E-271F-41CF-A093-E496137582B2}.Debug|x64.Build.0 = Debug|x64
		{89E7DC6E-271F-41CF-A093-E496137582B2}.Debug|x86.ActiveCfg = Debug|Win32
		{89E7DC6E-271F-41CF-A093-E496137582B2}.Debug|x86.Build.0 = Debug|Win32
		{89E7DC6E-271F-41CF-A093-E496137582B2}.Release|x64.ActiveCfg = Release|x64
		{89E7DC6E-271F-41CF-A093-E496137582B2}.Release|x64.Build.0 = Release|x64
		{89E7DC6E-271F-41CF-A093-E496137582B2}.Release|x86.ActiveCfg = Release|Win32
		{89E7DC6E-271F-41CF-A093-E496137582B2}.Release|x86.Build.0 = Release|Win32
		{BD08BA8F-A2C2-4DE5-9D28-6E9A23265725}.Debug|x64.ActiveCfg = Debug|x64
		{BD08BA8F-A2C2-4DE5-9D28-6E9A23265725}.Debug|x64.Build.0 = Debug|x64
		{BD08BA8F-A2C2-4DE5-9D28-6E9A23265725}.Debug|x86.ActiveCfg = Debug|Win32
		{BD08BA8F-A2C2-4DE5-9D28-6E9A23265725}.Debug|x86.Build.0 = Debug|Win32
		{BD08BA8F-A2C2-4DE5-9D28-6E9A23265725}.Release|x64.ActiveCfg = Release|x64
		{BD08BA8F-A2C2-4DE5-9D28-6E9A23265725}.Release|x64.Build.0 = Release|x64
		{BD08BA8F-A2C2-4DE5-9D28-6E9A23265725}.Release|x86.ActiveCfg = Release|Win32
		{BD08BA8F-A2C2-4DE5-9D28-6E9A23265725}.Release|x86.Build.0 = Release|Win32
		{05CD6A0C-9291-474D-ACF5-34823AB92FC7}.Debug|x64.ActiveCfg = Debug|x64
		{05CD6A0C-9291-474D-ACF5-34823AB92FC7}.Debug|x64.Build.0 = Debug|x64
		{05CD6A0C-9291-474D-ACF5-34823AB92FC7}.Debug|x86.ActiveCfg = Debug|Win32
		{05CD6A0C-9291-474D-ACF5-34823AB92FC7}.Debug|x86.Build.0 = Debug|Win32
		{05CD6A0C-9291-474D-ACF5-34823AB92FC7}.Release|x64.ActiveCfg = Release|x64
		{05CD6A0C-9291-474D-ACF5-34823AB92FC7}.Release|x64.Build.0 = Release|x64
		{05CD6A0C-9291-474D-ACF5-34823AB92FC7}.Release|x86.ActiveCfg = Release|Win32
		{05CD6A0C-9291-474D-ACF5-34823AB92FC7}.Release|x86.Build.0 = Release|Win32
		{9F2D3A2F-C7E7-4E6C-A2C5-260BF73130D8}.Debug|x64.ActiveCfg = Debug|x64
		{9F2D3A2F-C7E7-4E6C-A2C5-260BF73130D8}.Debug|x64.Build.0 = Debug|x64
		{9F2D3A2F-C7E7-4E6C-A2C5-260BF73130D8}.Debug|x86.ActiveCfg = Debug|Win32
		{9F2D3A2F-C7E7-4E6C-A2C5-260BF73130D8}.Debug|x86.Build.0 = Debug|Win32
		{9F2D3A2F-C7E7-4E6C-A2C5-260BF73130D8}.Release|x64.ActiveCfg = Release|x64
		{9F2D3A2F-C7E7-4E6C-A2C5-260BF73130D8}.Release|x64.Build.0 = Release|x64
		{9F2D3A2F-C7E7-4E6C-A2C5-260BF73130D8}.Release|x86.ActiveCfg = Release|Win32
		{9F2D3A2F-C7E7-4E6C-A2C5-260BF73130D8}.Release|x86.Build.0 = Release|Win32
		{BCB57774-1A65-460B-89D4-43724B7554D7}.Debug|x64.ActiveCfg = Debug|x64
		{BCB57774-1A65-460B-89D4-43724B7554D7}.Debug|x64.Build.0 = Debug|x64
		{BCB57774-1A65-460B-89D4-43724B7554D7}.Debug|x86.ActiveCfg = Debug|Win32
		{BCB57774-1A65-460B-89D4-43724B7554D7}.Debug|x86.Build.0 = Debug|Win32
		{BCB57774-1A65-460B-89D4-43724B7554D7}.Release|x64.ActiveCfg = Release|x64
		{BCB57774-1A65-460B-89D4-43724B7554D7}.Release|x64.Build.0 = Release|x64
		{BCB57774-1A65-460B-89D4-43724B7554D7}.Release|x86.ActiveCfg = Release|Win32
		{BCB57774-1A65-460B-89D4-43724B7554D7}.Release|x86.Build.0 = Release|Win32
		{354372BC-F043-4593-A6D4-DF463C348633}.Debug|x64.ActiveCfg = Debug|x64
		{354372BC-F043-4593-A6D4-DF463C348633}.Debug|x64.Build.0 = Debug|x64
		{354372BC-F043-4593-A6D4-DF463C348633}.Debug|x86.ActiveCfg = Debug|Win32
		{354372BC-F043-4593-A6D4-DF463C348633}.Debug|x86.Build.0 = Debug|Win32
		{354372BC-F043-4593-A6D4-DF463C348633}.Release|x64.ActiveCfg = Release|x64
		{354372BC-F043-4593-A6D4-DF463C348633}.Release|x64.Build.0 = Release|x64
		{354372BC-F043-4593-A6D4-DF463C348633}.Release|x86.ActiveCfg = Release|Win32
		{354372BC-F043-4593-A6D4-DF463C348633}.Release|x86.Build.0 = Release|Win32
		{32A3909F-9759-4A60-AF98-8826C74A6591}.Debug|x64.ActiveCfg = Debug|x64
		{32A3909F-9759-4A60-AF98-8826C74A6591}.Debug|x64.Build.0 = Debug|x64
		{32A3909F-9759-4A60-AF98-8826C74A6591}.Debug|x86.ActiveCfg = Debug|Win32
		{32A3909F-9759-4A60-AF98-8826C74A6591}.Debug|x86.Build.0 = Debug|Win32
		{32A3909F-9759-4A60-AF98-8826C74A6591}.Release|x64.ActiveCfg = Release|x64
		{32A3909F-9759-4A60-AF98-8826C74A6591}.Release|x64.Build.0 = Release|x64
		{32A3909F-9759-4A60-AF98-8826C74A6591}.Release|x86.ActiveCfg = Release|Win32
		{32A3909F-9759-4A60-AF98-8826C74A6591}.Release|x86.Build.0 = Release|Win32
		{14D6090B-16C3-439B-BE05-26141B010DEE}.Debug|x64.ActiveCfg = Debug|x64
		{14D6090B-16C3-439B-BE05-26141B010DEE}.Debug|x64.Build.0 = Debug|x64
		{14D6090B-16C3-439B-BE05-26141B010DEE}.Debug|x86.ActiveCfg = Debug|Win32
		{14D6090B-16C3-439B-BE05-26141B010DEE}.Debug|x86.Build.0 = Debug|Win32
		{14D6090B-16C3-439B-BE05-26141B010DEE}.Release|x64.ActiveCfg = Release|x64
		{14D6090B-16C3-439B-BE05-26141B010DEE}.Release|x64.Build.0 = Release|x64
		{14D6090B-16C3-439B-BE05-26141B010DEE}.Release|x86.ActiveCfg = Release|Win32
		{14D6090B-16C3-439B-BE05-26141B010DEE}.Release|x86.Build.0 = Release|Win32
		{2BC4E371-6AF3-4FD6-B47B-E9077431FA01}.Debug|x64.ActiveCfg = Debug|x64
		{2BC4E371-6AF3-4FD6-B47B-E9077431FA01}.Debug|x64.Build.0 = Debug|x64
		{2BC4E371-6AF3-4FD6-B47B-E9077431FA01}.Debug|x86.ActiveCfg = Debug|Win32
		{2BC4E371-6AF3-4FD6-B47B-E9077431FA01}.Debug|x86.Build.0 = Debug|Win32
		{2BC4E371-6AF3-4FD6-B47B-E9077431FA01}.Release|x64.ActiveCfg = Release|x64
		{2BC4E371-6AF3-4FD6-B47B-E9077431FA01}.Release|x64.Build.0 = Release|x64
		{2BC4E371-6AF3-4FD6-B47B-E9077431FA01}.Release|x86.ActiveCfg = Release|Win32
		{2BC4E371-6AF3-4FD6-B47B-E9077431FA01}.Release|x86.Build.0 = Release|Win32
		{92B3D019-B092-47D0-AAE0-29E1C4EC3A21}.Debug|x64.ActiveCfg = Debug|x64
		{92B3D019-B092-47D0-AAE0-29E1C4EC3A21}.Debug|x64.Build.0 = Debug|x64
		{92B3D019-B092-47D0-AAE0-29E1C4EC3A21}.Debug|x86.ActiveCfg = Debug|Win32
		{92B3D019-B092-47D0-AAE0-29E1C4EC3A21}.Debug|x86.Build.0 = Debug|Win32
		{92B3D019-B092-47D0-AAE0-29E1C4EC3A21}.Release|x64.ActiveCfg = Release|x64
		{92B3D019-B092-47D0-AAE0-29E1C4EC3A21}.Release|x64.Build.0 = Release|x64
		{92B3D019-B092-47D0-AAE0-29E1C4EC3A21}.Release|x86.ActiveCfg = Release|Win32
		{92B3D019-B092-47D0-AAE0-29E1C4EC3A21}.Release|x86.Build.0 = Release|Win32
		{72A94255-FB4B-4B51-9709-16F4A098BFEF}.Debug|x64.ActiveCfg = Debug|x64
		{72A94255-FB4B-4B51-9709-16F4A098BFEF}.Debug|x64.Build.0 = Debug|x64
		{72A94255-FB4B-4B51-9709-16F4A098BFEF}.Debug|x86.ActiveCfg = Debug|Win32
		{72A94255-FB4B-4B51-9709-16F4A098BFEF}.Debug|x86.Build.0 = Debug|Win32
		{72A94255-FB4B-4B51-9709-16F4A098BFEF}.Release|x64.ActiveCfg = Release|x64
		{72A94255-FB4B-4B51-9709-16F4A098BFEF}.Release|x64.Build.0 = Release|x64
		{72A94255-FB4B-4B51-9709-16F4A098BFEF}.Release|x86.ActiveCfg = Release|Win32
		{72A94255-FB4B-4B51-9709-16F4A098BFEF}.Release|x86.Build.0 = Release|Win32
		{47D13478-B377-4C6F-95EB-3288C58800F5}.Debug|x64.ActiveCfg = Debug|x64
		{47D13478-B377-4C6F-95EB-3288C58800F5}.Debug|x64.Build.0 = Debug|x64
		{47D13478-B377-4C6F-95EB-3288C58800F5}.Debug|x86.ActiveCfg = Debug|Win32
		{47D13478-B377-4C6F-95EB-3288C58800F5}.Debug|x86.Build.0 = Debug|Win32
		{47D13478-B377-4C6F-95EB-3288C58800F5}.Release|x64.ActiveCfg = Release|x64
		{47D13478-B377-4C6F-95EB-3288C58800F5}.Release|x64.Build.0 = Release|x64
		{47D13478-B377-4C6F-95EB-3288C58800F5}.Release|x86.ActiveCfg = Release|Win32
		{47D13478-B377-4C6F-95EB-3288C58800F5}.Release|x86.Build.0 = Release|Win32
		{ABC4F3DE-79FE-45A2-9BEA-D1F3411D41F6}.Debug|x64.ActiveCfg = Debug|x64
		{ABC4F3DE-79FE-45A2-9BEA-D1F3411D41F6}.Debug|x64.Build.0 = Debug|x64
		{ABC4F3DE-79FE-45A2-9BEA-D1F3411D41F6}.Debug|x86.ActiveCfg = Debug|Win32
		{ABC4F3DE-79FE-45A2-9BEA-D1F3411D41F6}.Debug|x86.Build.0 = Debug|Win32
		{ABC4F3DE-79FE-45A2-9BEA-D1F3411D41F6}.Release|x64.ActiveCfg = Release|x64
		{ABC4F3DE-79FE-45A2-9BEA-D1F3411D41F6}.Release|x64.Build.0 = Release|x64
		{ABC4F3DE-79FE-45A2-9BEA-D1F3411D41F6}.Release|x86.ActiveCfg = Release|Win32
		{ABC4F3DE-79FE-45A2-9BEA-D1F3411D41F6}.Release|x86.Build.0 = Release|Win32
		{71D23C15-4844-4587-B17B-A8A98F46BD5F}.Debug|x64.ActiveCfg = Debug|x64
		{71D23C15-4844-4587-B17B-A8A98F46BD5F}.Debug|x64.Build.0 = Debug|x64
		{71D23C15-4844-4587-B17B-A8A98F46BD5F}.Debug|x86.ActiveCfg = Debug|Win32
		{71D23C15-4844-4587-B17B-A8A98F46BD5F}.Debug|x86.Build.0 = Debug|Win32
		{71D23C15-4844-4587-B17B-A8A98F46BD5F}.Release|x64.ActiveCfg = Release|x64
		{71D23C15-4844-4587-B17B-A8A98F46BD5F}.Release|x64.Build.0 = Release|x64
		{71D23C15-4844-4587-B17B-A8A98F46BD5F}.Release|x86.ActiveCfg = Release|Win32
		{71D23C15-4844-4587-B17B-A8A98F46BD5F}.Release|x86.Build.0 = Release|Win32
		{ADED38D1-0220-4C86-8946-A70D0FB00BEE}.Debug|x64.ActiveCfg = Debug|x64
		{ADED38D1-0220-4C86-8946-A70D0FB00BEE}.Debug|x64.Build.0 = Debug|x64
		{ADED38D1-0220-4C86-8946-A70D0FB00BEE}.Debug|x86.ActiveCfg = Debug|Win32
		{ADED38D1-0220-4C86-8946-A70D0FB00BEE}.Debug|x86.Build.0 = Debug|Win32
		{ADED38D1-0220-4C86-8946-A70D0FB00BEE}.Release|x64.ActiveCfg = Release|x64
		{ADED38D1-0220-4C86-8946-A70D0FB00BEE}.Release|x64.Build.0 = Release|x64
		{ADED38D1-0220-4C86-8946-A70D0FB00BEE}.Release|x86.ActiveCfg = Release|Win32
		{ADED38D1-0220-4C86-8946-A70D0FB00BEE}.Release|x86.Build.0 = Release|Win32
		{7E330064-B32E-49B6-BBB3-AB8C7DDE4BB2}.Debug|x64.ActiveCfg = Debug|x64
		{7E330064-B32E-49B6-BBB3-AB8C7DDE4BB2}.Debug|x64.Build.0 = Debug|x64
		{7E330064-B32E-49B6-BBB3-AB8C7DDE4BB2}.Debug|x86.ActiveCfg = Debug|Win32
		{7E330064-B32E-49B6-BBB3-AB8C7DDE4BB2}.Debug|x86.Build.0 = Debug|Win32
		{7E330064-B32E-49B6-BBB3-AB8C7DDE4BB2}.Release|x64.ActiveCfg = Release|x64
		{7E330064-B32E-49B6-BBB3-AB8C7DDE4BB2}.Release|x64.Build.0 = Release|x64
		{7E330064-B32E-49B6-BBB3-AB8C7DDE4BB2}.Release|x86.ActiveCfg = Release|Win32
		{7E330064-B32E-49B6-BBB3-AB8C7DDE4BB2}.Release|x86.Build.0 = Release|Win32
		{1749BFAF-2740-4711-BC46-4993D2625F89}.Debug|x64.ActiveCfg = Debug|x64
		{1749BFAF-2740-4711-BC46-4993D2625F89}.Debug|x64.Build.0 = Debug|x64
		{1749BFAF-2740-4711-BC46-4993D2625F89}.Debug|x86.ActiveCfg = Debug|Win32
		{1749BFAF-2740-4711-BC46-4993D2625F89}.Debug|x86.Build.0 = Debug|Win32
		{1749BFAF-2740-4711-BC46-4993D2625F89}.Release|x64.ActiveCfg = Release|x64
		{1749BFAF-2740-4711-BC46-4993D2625F89}.Release|x64.Build.0 = Release|x64
		{1749BFAF-2740-4711-BC46-4993D2625F89}.Release|x86.ActiveCfg = Release|Win32
		{1749BFAF-2740-4711-BC46-4993D2625F89}.Release|x86.Build.0 = Release|Win32
		{E6EFE097-9A8D-4EC4-8B70-81436A02F39B}.Debug|x64.ActiveCfg = Debug|x64
		{E6EFE097-9A8D-4EC4-8B70-81436A02F39B}.Debug|x64.Build.0 = Debug|x64
		{E6EFE097-9A8D-4EC4-8B70-81436A02F39B}.Debug|x86.ActiveCfg = Debug|Win32
		{E6EFE097-9A8D-4EC4-8B70-81436A02F39B}.Debug|x86.Build.0 = Debug|Win32
		{E6EFE097-9A8D-4EC4-8B70-81436A02F39B}.Release|x64.ActiveCfg = Release|x64
		{E6EFE097-9A8D-4EC4-8B70-81436A02F39B}.Release|x64.Build.0 = Release|x64
		{E6EFE097-9A8D-4EC4-8B70-81436A02F39B}.Release|x86.ActiveCfg = Release|Win32
		{E6EFE097-9A8D-4EC4-8B70-81436A02F39B}.Release|x86.Build.0 = Release|Win32
		{40480886-CC8A-430D-B2A7-A69844328A34}.Debug|x64.ActiveCfg = Debug|x64
		{40480886-CC8A-430D-B2A7-A69844328A34}.Debug|x64.Build.0 = Debug|x64
		{40480886-CC8A-430D-B2A7-A69844328A34}.Debug|x86.ActiveCfg = Debug|Win32
		{40480886-CC8A-430D-B2A7-A69844328A34}.Debug|x86.Build.0 = Debug|Win32
		{40480886-CC8A-430D-B2A7-A69844328A34}.Release|x64.ActiveCfg = Release|x64
		{40480886-CC8A-430D-B2A7-A69844328A34}.Release|x64.Build.0 = Release|x64
		{40480886-CC8A-430D-B2A7-A69844328A34}.Release|x86.ActiveCfg = Release|Win32
		{40480886-CC8A-430D-B2A7-A69844328A34}.Release|x86.Build.0 = Release|Win32
		{CA009CAE-F316-4A9F-A431-FA2EE898D782}.Debug|x64.ActiveCfg = Debug|x64
		{CA009CAE-F316-4A9F-A431-FA2EE898D782}.Debug|x64.Build.0 = Debug|x64
		{CA009CAE-F316-4A9F-A431-FA2EE898D782}.Debug|x86.ActiveCfg = Debug|Win32
		{CA009CAE-F316-4A9F-A431-FA2EE898D782}.Debug|x86.Build.0 = Debug|Win32
		{CA009CAE-F316-4A9F-A431-FA2EE898D782}.Release|x64.ActiveCfg = Release|x64
		{CA009CAE-F316-4A9F-A431-FA2EE898D782}.Release|x64.Build.0 = Release|x64
		{CA009CAE-F316-4A9F-A431-FA2EE898D782}.Release|x86.ActiveCfg = Release|Win32
		{CA009CAE-F316-4A9F-A431-FA2EE898D782}.Release|x86.Build.0 = Release|Win32
		{C15FCBC2-D0E9-4022-95B9-3EE002B8330C}.Debug|x64.ActiveCfg = Debug|x64
		{C15FCBC2-D0E9-4022-95B9-3EE002B8330C}.Debug|x64.Build.0 = Debug|x64
		{C15FCBC2-D0E9-4022-95B9-3EE002B8330C}.Debug|x86.ActiveCfg = Debug|Win32
		{C15FCBC2-D0E9-4022-95B9-3EE002B8330C}.Debug|x86.Build.0 = Debug|Win32
		{C15FCBC2-D0E9-4022-95B9-3EE002B8330C}.Release|x64.ActiveCfg = Release|x64
		{C15FCBC2-D0E9-4022-95B9-3EE002B8330C}.Release|x64.Build.0 = Release|x64
		{C15FCBC2-D0E9-4022-95B9-3EE002B8330C}.Release|x86.ActiveCfg = Release|Win32
		{C15FCBC2-D0E9-4022-95B9-3EE002B8330C}.Release|x86.Build.0 = Release|Win32
		{75681724-A52E-4D83-B8F3-29AB0A9814AB}.Debug|x64.ActiveCfg = Debug|x64
		{75681724-A52E-4D83-B8F3-29AB0A9814AB}.Debug|x64.Build.0 = Debug|x64
		{75681724-A52E-4D83-B8F3-29AB0A9814AB}.Debug|x86.ActiveCfg = Debug|Win32
		{75681724-A52E-4D83-B8F3-29AB0A9814AB}.Debug|x86.Build.0 = Debug|Win32
		{75681724-A52E-4D83-B8F3-29AB0A9814AB}.Release|x64.ActiveCfg = Release|x64
		{75681724-A52E-4D83-B8F3-29AB0A9814AB}.Release|x64.Build.0 = Release|x64
		{75681724-A52E-4D83-B8F3-29AB0A9814AB}.Release|x86.ActiveCfg = Release|Win32
		{75681724-A52E-4D83-B8F3-29AB0A9814AB}.Release|x86.Build.0 = Release|Win32
		{01470495-A6B7-450D-85DE-2820C599FE68}.Debug|x64.ActiveCfg = Debug|x64
		{01470495-A6B7-450D-85DE-2820C599FE68}.Debug|x64.Build.0 = Debug|x64
		{01470495-A6B7-450D-85DE-2820C599FE68}.Debug|x86.ActiveCfg = Debug|Win32
		{01470495-A6B7-450D-85DE-2820C599FE68}.Debug|x86.Build.0 = Debug|Win32
		{01470495-A6B7-450D-85DE-2820C599FE68}.Release|x64.ActiveCfg = Release|x64
		{01470495-A6B7-450D-85DE-2820C599FE68}.Release|x64.Build.0 = Release|x64
		{01470495-A6B7-450D-85DE-2820C599FE68}.Release|x86.ActiveCfg = Release|Win32
		{01470495-A6B7-450D-85DE-2820C599FE68}.Release|x86.Build.0 = Release|Win32
		{41CF74F7-A87A-4E14-8FD0-F74E80A902D8}.Debug|x64.ActiveCfg = Debug|x64
		{41CF74F7-A87A-4E14-8FD0-F74E80A902D8}.Debug|x64.Build.0 = Debug|x64
		{41CF74F7-A87A-4E14-8FD0-F74E80A902D8}.Debug|x86.ActiveCfg = Debug|Win32
		{41CF74F7-A87A-4E14-8FD0-F74E80A902D8}.Debug|x86.Build.0 = Debug|Win32
		{41CF74F7-A87A-4E14-8FD0-F74E80A902D8}.Release|x64.ActiveCfg = Release|x64
		{41CF74F7-A87A-4E14-8FD0-F74E80A902D8}.Release|x64.Build.0 = Release|x64
		{41CF74F7-A87A-4E14-8FD0-F74E80A902D8}.Release|x86.ActiveCfg = Release|Win32
		{41CF74F7-A87A-4E14-8FD0-F74E80A902D8}.Release|x86.Build.0 = Release|Win32
		{9E21ABE5-5B97-4BAE-ADEA-B8F272376640}.Debug|x64.ActiveCfg = Debug|x64
		{9E21ABE5-5B97-4BAE-ADEA-B8F272376640}.Debug|x64.Build.0 = Debug|x64
		{9E21ABE5-5B97-4BAE-ADEA-B8F272376640}.Debug|x86.ActiveCfg = Debug|Win32
		{9E21ABE5-5B97-4BAE-ADEA-B8F272376640}.Debug|x86.Build.0 = Debug|Win32
		{9E21ABE5-5B97-4BAE-ADEA-B8F272376640}.Release|x64.ActiveCfg = Release|x64
		{9E21ABE5-5B97-4BAE-ADEA-B8F272376640}.Release|x64.Build.0 = Release|x64
		{9E21ABE5-5B97-4BAE-ADEA-B8F272376640}.Release|x86.ActiveCfg = Release|Win32
		{9E21ABE5-5B97-4BAE-ADEA-B8F272376640}.Release|x86.Build.0 = Release|Win32
		{7E00A75E-979A-415F-805F-FB5577202B1B}.Debug|x64.ActiveCfg = Debug|x64
		{7E00A75E-979A-415F-805F-FB5577202B1B}.Debug|x64.Build.0 = Debug|x64
		{7E00A75E-979A-415F-805F-FB5577202B1B}.Debug|x86.ActiveCfg = Debug|Win32
		{7E00A75E-979A-415F-805F-FB5577202B1B}.Debug|x86.Build.0 = Debug|Win32
		{7E00A75E-979A-415F-805F-FB5577202B1B}.Release|x64.ActiveCfg = Release|x64
		{7E00A75E-979A-415F-805F-FB5577202B1B}.Release|x64.Build.0 = Release|x64
		{7E00A75E-979A-415F-805F-FB5577202B1B}.Release|x86.ActiveCfg = Release|Win32
		{7E00A75E-979A-415F-805F-FB5577202B1B}.Release|x86.Build.0 = Release|Win32
		{5ABAAB89-29FF-43E4-8E2E-DAB0534FCD35}.Debug|x64.ActiveCfg = Debug|x64
		{5ABAAB89-29FF-43E4-8E2E-DAB0534FCD35}.Debug|x64.Build.0 = Debug|x64
		{5ABAAB89-29FF-43E4-8E2E-DAB0534FCD35}.Debug|x86.ActiveCfg = Debug|Win32
		{5ABAAB89-29FF-43E4-8E2E-DAB0534FCD35}.Debug|x86.Build.0 = Debug|Win32
		{5ABAAB89-29FF-43E4-8E2E-DAB0534FCD35}.Release|x64.ActiveCfg = Release|x64
		{5ABAAB89-29FF-43E4-8E2E-DAB0534FCD35}.Release|x64.Build.0 = Release|x64
		{5ABAAB89-29FF-43E4-8E2E-DAB0534FCD35}.Release|x86.ActiveCfg = Release|Win32
		{5ABAAB89-29FF-43E4-8E2E-DAB0534FCD35}.Release|x86.Build.0 = Release|Win32
		{E8B23B3C-BF79-4A97-98EF-B0370D20AF18}.Debug|x64.ActiveCfg = Debug|x64
		{E8B23B3C-BF79-4A97-98EF-B0370D20AF18}.Debug|x64.Build.0 = Debug|x64
		{E8B23B3C-BF79-4A97-98EF-B0370D20AF18}.Debug|x86.ActiveCfg = Debug|Win32
		{E8B23B3C-BF79-4A97-98EF-B0370D20AF18}.Debug|x86.Build.0 = Debug|Win32
		{E8B23B3C-BF79-4A97-98EF-B0370D20AF18}.Release|x64.ActiveCfg = Release|x64
		{E8B23B3C-BF79-4A97-98EF-B0370D20AF18}.Release|x64.Build.0 = Release|x64
		{E8B23B3C-BF79-4A97-98EF-B0370D20AF18}.Release|x86.ActiveCfg = Release|Win32
		{E8B23B3C-BF79-4A97-98EF-B0370D20AF18}.Release|x86.Build.0 = Release|Win32
		{807DED93-B98B-4C87-85A0-D02866B2C0AF}.Debug|x64.ActiveCfg = Debug|x64
		{807DED93-B98B-4C87-85A0-D02866B2C0AF}.Debug|x64.Build.0 = Debug|x64
		{807DED93-B98B-4C87-85A0-D02866B2C0AF}.Debug|x86.ActiveCfg = Debug|Win32
		{807DED93-B98B-4C87-85A0-D02866B2C0AF}.Debug|x86.Build.0 = Debug|Win32
		{807DED93-B98B-4C87-85A0-D02866B2C0AF}.Release|x64.ActiveCfg = Release|x64
		{807DED93-B98B-4C87-85A0-D02866B2C0AF}.Release|x64.Build.0 = Release|x64
		{807DED93-B98B-4C87-85A0-D02866B2C0AF}.Release|x86.ActiveCfg = Release|Win32
		{807DED93-B98B-4C87-85A0-D02866B2C0AF}.Release|x86.Build.0 = Release|Win32
		{98C28CBA-25B8-44A7-A888-57D9A0AC2CD4}.Debug|x64.ActiveCfg = Debug|x64
		{98C28CBA-25B8-44A7-A888-57D9A0AC2CD4}.Debug|x64.Build.0 = Debug|x64
		{98C28CBA-25B8-44A7-A888-57D9A0AC2CD4}.Debug|x86.ActiveCfg = Debug|Win32
		{98C28CBA-25B8-44A7-A888-57D9A0AC2CD4}.Debug|x86.Build.0 = Debug|Win32
		{98C28CBA-25B8-44A7-A888-57D9A0AC2CD4}.Release|x64.ActiveCfg = Release|x64
		{98C28CBA-25B8-44A7-A888-57D9A0AC2CD4}.Release|x64.Build.0 = Release|x64
		{98C28CBA-25B8-44A7-A888-57D9A0AC2CD4}.Release|x86.ActiveCfg = Release|Win32
		{98C28CBA-25B8-44A7-A888-57D9A0AC2CD4}.Release|x86.Build.0 = Release|Win32
	EndGlobalSection
	GlobalSection(SolutionProperties) = preSolution
		HideSolutionNode = FALSE
	EndGlobalSection
	GlobalSection(ExtensibilityGlobals) = postSolution
		SolutionGuid = {B2F2CB3A-1663-42A1-9EE0-4CAC4DC45E07}
	EndGlobalSection
EndGlobal
